
Microsoft Visual Studio Solution File, Format Version 12.00
# Visual Studio Version 16
VisualStudioVersion = 16.0.32602.291
MinimumVisualStudioVersion = 10.0.40219.1
Project("{2150E333-8FDC-42A3-9474-1A3956D46DE8}") = "cpp", "cpp", "{D8877BC2-628C-4B31-877D-E3E7EF817194}"
EndProject
Project("{2150E333-8FDC-42A3-9474-1A3956D46DE8}") = "data_structure", "data_structure", "{EBCBE457-AFD1-4FA9-BA51-3A79D45AB129}"
EndProject
Project("{8BC9CEB8-8B4A-11D0-8D11-00A0C91BC942}") = "stack_array", "stack_array\stack_array.vcxproj", "{AC6904B2-7457-48C8-91A1-BD07C65E54C9}"
EndProject
Project("{8BC9CEB8-8B4A-11D0-8D11-00A0C91BC942}") = "queue_array", "queue_array\queue_array.vcxproj", "{0FE0C40F-333C-4814-81CB-F99DA044526D}"
EndProject
Project("{8BC9CEB8-8B4A-11D0-8D11-00A0C91BC942}") = "circular_queue_array", "circular_queue_array\circular_queue_array.vcxproj", "{38EACF12-0E00-4A87-91FE-4845F95762D9}"
EndProject
Project("{8BC9CEB8-8B4A-11D0-8D11-00A0C91BC942}") = "circular_queue_array_1", "circular_queue_array_1\circular_queue_array_1.vcxproj", "{CCE1062D-431E-4BC5-ABE5-C8F9537D27F4}"
EndProject
Project("{8BC9CEB8-8B4A-11D0-8D11-00A0C91BC942}") = "stack_LL", "stack_LL\stack_LL.vcxproj", "{4554383A-B2DC-4AF5-87B4-A71483A5FC70}"
EndProject
Project("{8BC9CEB8-8B4A-11D0-8D11-00A0C91BC942}") = "queue_LL", "queue_LL\queue_LL.vcxproj", "{71C19FFA-C0E0-43B7-AD38-CCE486831FEA}"
EndProject
Project("{8BC9CEB8-8B4A-11D0-8D11-00A0C91BC942}") = "LL", "LinkedList_cpp\LinkedList_cpp.vcxproj", "{83B2788C-ADBA-4D7C-86AC-84E593FC88A6}"
EndProject
Project("{8BC9CEB8-8B4A-11D0-8D11-00A0C91BC942}") = "stack_cpp", "stack_cpp\stack_cpp.vcxproj", "{343D8A9F-D71E-4450-BCAC-96673458AFEE}"
EndProject
Project("{2150E333-8FDC-42A3-9474-1A3956D46DE8}") = "test", "test", "{7A19D2BA-01FD-41CF-BB99-4E8F8849332B}"
EndProject
Project("{8BC9CEB8-8B4A-11D0-8D11-00A0C91BC942}") = "const_0", "const_0\const_0.vcxproj", "{DC3634CF-B268-4A35-9075-60CD384E2ADF}"
EndProject
Project("{8BC9CEB8-8B4A-11D0-8D11-00A0C91BC942}") = "const_1", "const_1\const_1.vcxproj", "{EC76E300-B6AE-4765-8548-EA5AF6B22C77}"
EndProject
Project("{8BC9CEB8-8B4A-11D0-8D11-00A0C91BC942}") = "LL_const", "LL_const\LL_const.vcxproj", "{958C712C-B727-444F-8C0A-34C1CC868C4A}"
EndProject
Project("{8BC9CEB8-8B4A-11D0-8D11-00A0C91BC942}") = "LL_T", "LL_T\LL_T.vcxproj", "{3461F477-DC72-4E22-8B5D-056A81CD4547}"
EndProject
Project("{8BC9CEB8-8B4A-11D0-8D11-00A0C91BC942}") = "jotso", "jotso\jotso.vcxproj", "{E9C37D52-56BF-4A6E-9DDF-A75ED941F004}"
EndProject
Project("{8BC9CEB8-8B4A-11D0-8D11-00A0C91BC942}") = "sort", "sort\sort.vcxproj", "{6E6D46E1-AC9E-4AE5-BB76-B757F8951CF7}"
EndProject
Project("{8BC9CEB8-8B4A-11D0-8D11-00A0C91BC942}") = "tree_0", "tree_0\tree_0.vcxproj", "{93C41B9B-C914-4B4F-80DC-0E83EA4EBD39}"
EndProject
Project("{8BC9CEB8-8B4A-11D0-8D11-00A0C91BC942}") = "tree_1", "tree_1\tree_1.vcxproj", "{DEEFEA85-CABF-4A87-B0C4-AF9122122C1A}"
EndProject
Project("{8BC9CEB8-8B4A-11D0-8D11-00A0C91BC942}") = "Pointer_and_Reference", "Pointer_and_Reference\Pointer_and_Reference.vcxproj", "{05E4FD2D-2C76-4BFB-BE3D-D4A7D8A7448E}"
EndProject
Project("{8BC9CEB8-8B4A-11D0-8D11-00A0C91BC942}") = "tree_2_RBT", "tree_2_RBT\tree_2_RBT.vcxproj", "{A54AAF20-7D88-4ED3-B69C-79E30A9AC106}"
EndProject
Project("{8BC9CEB8-8B4A-11D0-8D11-00A0C91BC942}") = "quad_tree_0", "quad_tree_0\quad_tree_0.vcxproj", "{942B0FE6-1204-47D0-9E48-78FF56783352}"
EndProject
Project("{8BC9CEB8-8B4A-11D0-8D11-00A0C91BC942}") = "octree_0", "octree_0\octree_0.vcxproj", "{90657AE5-69F9-4228-A554-09665F30C6B2}"
EndProject
Project("{8BC9CEB8-8B4A-11D0-8D11-00A0C91BC942}") = "octree_1", "octree_1\octree_1.vcxproj", "{D54F045C-3BB9-41E3-8C4D-82050179DEF1}"
EndProject
Project("{8BC9CEB8-8B4A-11D0-8D11-00A0C91BC942}") = "DeepDarkFantasies", "DeepDarkFantasies\DeepDarkFantasies.vcxproj", "{7A4131F1-CAB4-4528-967B-162AB2C5D169}"
EndProject
Project("{2150E333-8FDC-42A3-9474-1A3956D46DE8}") = "directX", "directX", "{3C62B5E1-9366-4805-8364-1A551C82220E}"
	ProjectSection(SolutionItems) = preProject
		3D_3_QuadTree\3D_3_QuadTree.vcxproj = 3D_3_QuadTree\3D_3_QuadTree.vcxproj
	EndProjectSection
EndProject
Project("{8BC9CEB8-8B4A-11D0-8D11-00A0C91BC942}") = "Window", "k_Window\k_Window.vcxproj", "{F2544097-E90B-4EAB-B88C-30292661D812}"
EndProject
Project("{8BC9CEB8-8B4A-11D0-8D11-00A0C91BC942}") = "WIndow_1", "k_WIndow_0\k_WIndow_0.vcxproj", "{0F900CFA-59E5-4B4C-AC95-0745600E8C13}"
EndProject
Project("{8BC9CEB8-8B4A-11D0-8D11-00A0C91BC942}") = "DirectX_0", "k_DirectX_0\k_DirectX_0.vcxproj", "{6BFF45DB-1602-4700-95B1-C0B97B6E0A1F}"
EndProject
Project("{8BC9CEB8-8B4A-11D0-8D11-00A0C91BC942}") = "DirectX_1_CreateTriangle", "K_DirectX_1\K_DirectX_1.vcxproj", "{1DDA7EF3-0B3F-49E5-87D1-37DC52B17696}"
EndProject
Project("{8BC9CEB8-8B4A-11D0-8D11-00A0C91BC942}") = "why", "why\why.vcxproj", "{7F04B00D-B131-4055-8776-1593B7FBF2FB}"
EndProject
Project("{8BC9CEB8-8B4A-11D0-8D11-00A0C91BC942}") = "OctreeDraw_1", "OctreeDraw_1\OctreeDraw_1.vcxproj", "{384C2D47-66FC-4C02-9FBE-108A9D6DB29E}"
EndProject
Project("{8BC9CEB8-8B4A-11D0-8D11-00A0C91BC942}") = "DirectX_3_CreateTexture_1", "DirextX_3_CreateTexture\DirextX_3_CreateTexture.vcxproj", "{8F77546B-961C-43F3-9EEF-5A7F0C90C15C}"
EndProject
Project("{8BC9CEB8-8B4A-11D0-8D11-00A0C91BC942}") = "DirectX_3_CreateTexture", "DirectX_3_CreateTexture\DirectX_3_CreateTexture.vcxproj", "{E6CFC555-FD20-41C6-BE51-193B625C8629}"
EndProject
Project("{8BC9CEB8-8B4A-11D0-8D11-00A0C91BC942}") = "test3264", "test3264\test3264.vcxproj", "{41837D61-9ACB-4A51-B5DA-12642A1A3675}"
EndProject
Project("{8BC9CEB8-8B4A-11D0-8D11-00A0C91BC942}") = "DirectX_4_CreateTextureObject", "DirectX_4_CreateTextureObject\DirectX_4_CreateTextureObject.vcxproj", "{1025C659-2ACE-42C4-A6BD-F31DAEA5FF02}"
EndProject
Project("{8BC9CEB8-8B4A-11D0-8D11-00A0C91BC942}") = "DirectX_5_CreateObject", "DirectX_5_CreateObject\DirectX_5_CreateObject.vcxproj", "{44EE23D8-1998-4347-B196-E7A7C3009E8E}"
EndProject
Project("{8BC9CEB8-8B4A-11D0-8D11-00A0C91BC942}") = "LibTest", "LibTest\LibTest.vcxproj", "{67846940-1AB9-4DD7-BDFD-42481FCB6808}"
EndProject
Project("{8BC9CEB8-8B4A-11D0-8D11-00A0C91BC942}") = "DirectX_6_GameCore", "DirectX_6_GameCore\DirectX_6_GameCore.vcxproj", "{3FB17FCA-0B7A-4835-A84C-29A36456EA3E}"
EndProject
Project("{8BC9CEB8-8B4A-11D0-8D11-00A0C91BC942}") = "DirectX_2_Shader", "DirectX_2\DirextX_2.vcxproj", "{8001E66D-FF41-46F8-97DE-50A7F438D741}"
EndProject
Project("{8BC9CEB8-8B4A-11D0-8D11-00A0C91BC942}") = "DirectX_7_Sprite", "DirectX_7_Sprite\DirectX_7_Sprite.vcxproj", "{741503FC-4320-4A5B-B165-AA4BF6C5F333}"
EndProject
Project("{8BC9CEB8-8B4A-11D0-8D11-00A0C91BC942}") = "DirectX_8_Sprite_0", "DirectX_8_Sprite_0\DirectX_8_Sprite_0.vcxproj", "{84FB2FF4-D445-4E8B-8CC8-3A65F487FF6D}"
EndProject
Project("{8BC9CEB8-8B4A-11D0-8D11-00A0C91BC942}") = "LibTest_0", "LibTest_0\LibTest_0.vcxproj", "{40385D93-F630-4735-8185-F6955B7800B6}"
EndProject
Project("{8BC9CEB8-8B4A-11D0-8D11-00A0C91BC942}") = "KymGameCore", "KymGameCore\KymGameCore.vcxproj", "{C90AF616-923E-486F-BD3C-0473C139CDBE}"
EndProject
Project("{8BC9CEB8-8B4A-11D0-8D11-00A0C91BC942}") = "LibTest_1_Scene", "LibTest_1_Scene\LibTest_1_Scene.vcxproj", "{BB2C8312-3676-41FE-93AB-5544B49F6318}"
EndProject
Project("{8BC9CEB8-8B4A-11D0-8D11-00A0C91BC942}") = "LibTest_2_Sound", "LibTest_2_Sound\LibTest_2_Sound.vcxproj", "{E4670547-4942-4E6E-A32E-F0C86E51910C}"
EndProject
Project("{8BC9CEB8-8B4A-11D0-8D11-00A0C91BC942}") = "LibTest_Standard", "LibTest_Standard\LibTest_Standard.vcxproj", "{D81B2F9D-1B3D-4D66-943A-EEC5008B268C}"
EndProject
Project("{8BC9CEB8-8B4A-11D0-8D11-00A0C91BC942}") = "LibTest_3_SoundManager", "LibTest_3_SoundManager\LibTest_3_SoundManager.vcxproj", "{80C4E763-C0C7-4E02-BA62-945A973D575C}"
EndProject
Project("{8BC9CEB8-8B4A-11D0-8D11-00A0C91BC942}") = "LibTest_4_Camera", "LibTest_4_Camera\LibTest_4_Camera.vcxproj", "{8FF5BE60-ABEF-43C9-A6AA-0D6D161E43FB}"
EndProject
Project("{2150E333-8FDC-42A3-9474-1A3956D46DE8}") = "MyGame", "MyGame", "{3E495576-D2A2-4E58-9B0B-B688137AABE5}"
EndProject
Project("{8BC9CEB8-8B4A-11D0-8D11-00A0C91BC942}") = "KYM_2D_Game", "KYM_2D_Game\KYM_2D_Game.vcxproj", "{57C57EC2-43C1-4DB1-BF14-D5AAF82F2467}"
EndProject
Project("{8BC9CEB8-8B4A-11D0-8D11-00A0C91BC942}") = "LibTest_5_Matrix", "LibTest_5_Matrix\LibTest_5_Matrix.vcxproj", "{92DC3B04-F5AA-4E8A-A034-FA5426B8322B}"
EndProject
Project("{8BC9CEB8-8B4A-11D0-8D11-00A0C91BC942}") = "3D_0_Camera", "3D_0_Camera\3D_0_Camera.vcxproj", "{962D3486-D7D8-4796-8810-5C1AC14E6BD2}"
EndProject
Project("{8BC9CEB8-8B4A-11D0-8D11-00A0C91BC942}") = "3D_1_Frustum", "3D_1_Frustum\3D_1_Frustum.vcxproj", "{B60D2B90-4BF8-4D67-98D7-BD6BF9804BD6}"
EndProject
Project("{8BC9CEB8-8B4A-11D0-8D11-00A0C91BC942}") = "3D_2_RenderTarget", "3D_2_RenderTarget\3D_2_RenderTarget.vcxproj", "{516524EA-C7ED-4D67-B88B-D81ADE68649A}"
EndProject
Project("{8BC9CEB8-8B4A-11D0-8D11-00A0C91BC942}") = "3D_3_QuadTree", "3D_3_QuadTree\3D_3_QuadTree.vcxproj", "{E32F0525-DA8A-44EF-9AB8-5677C48FE9CB}"
EndProject
Project("{8BC9CEB8-8B4A-11D0-8D11-00A0C91BC942}") = "3D_4_FBXLoader", "3D_4_FBXLoader\3D_4_FBXLoader.vcxproj", "{92CB84A1-2CE8-4226-B2DD-06067AB7A875}"
EndProject
Project("{8BC9CEB8-8B4A-11D0-8D11-00A0C91BC942}") = "3D_5_Skinning", "3D_5_Skinning\3D_5_Skinning.vcxproj", "{4DDAF6A8-EDD6-4794-AC54-68571F0B9F5B}"
EndProject
Project("{8BC9CEB8-8B4A-11D0-8D11-00A0C91BC942}") = "3D_6_BindPoseAnimation", "3D_6_BindPoseAnimation\3D_6_BindPoseAnimation.vcxproj", "{72A3FFEF-02B0-4402-99EC-D8DD7D9D7A27}"
EndProject
Project("{2150E333-8FDC-42A3-9474-1A3956D46DE8}") = "MFC", "MFC", "{88CF26E6-678A-42F7-A903-35892A612267}"
EndProject
Project("{8BC9CEB8-8B4A-11D0-8D11-00A0C91BC942}") = "KymTool", "KymTool\KymTool.vcxproj", "{5427E82E-DB17-4E44-B538-C54D9E64C7D2}"
EndProject
Project("{8BC9CEB8-8B4A-11D0-8D11-00A0C91BC942}") = "3D_7_HeightMap", "3D_7_HeightMap\3D_7_HeightMap.vcxproj", "{A098D51A-956A-4B80-A964-748797499550}"
EndProject
Project("{2150E333-8FDC-42A3-9474-1A3956D46DE8}") = "Socket", "Socket", "{0B4E3411-D02C-4FF3-BDEA-55B87C0719A6}"
EndProject
Project("{2150E333-8FDC-42A3-9474-1A3956D46DE8}") = "Socket_0_block", "Socket_0_block", "{270C00E3-5898-4CBE-A279-3DEF975C5A79}"
EndProject
Project("{2150E333-8FDC-42A3-9474-1A3956D46DE8}") = "Socket_1_nonblock", "Socket_1_nonblock", "{15763741-F868-4896-9F45-B329A546CE2D}"
EndProject
Project("{8BC9CEB8-8B4A-11D0-8D11-00A0C91BC942}") = "Socket_0_Client", "Socket_0_Client\Socket_0_Client.vcxproj", "{7569BF5C-4979-444A-800E-4B0782555860}"
EndProject
Project("{8BC9CEB8-8B4A-11D0-8D11-00A0C91BC942}") = "Socket_0_Server", "Socket_0_Server\Socket_0_Server.vcxproj", "{1DDC162C-A533-4881-91D5-44943034D6ED}"
EndProject
Project("{8BC9CEB8-8B4A-11D0-8D11-00A0C91BC942}") = "Socket_1_Client", "Socket_1_Client\Socket_1_Client.vcxproj", "{4F3BAD40-B270-4295-B4EF-575A6D3B6B5E}"
EndProject
Project("{8BC9CEB8-8B4A-11D0-8D11-00A0C91BC942}") = "Socket_1_Server", "Socket_1_Server\Socket_1_Server.vcxproj", "{76016396-4D5B-4BC5-B48C-BB8875A343C7}"
EndProject
Project("{2150E333-8FDC-42A3-9474-1A3956D46DE8}") = "Socket_2_thread", "Socket_2_thread", "{2A9C4AD7-006F-454A-8003-CD8172700FE7}"
EndProject
Project("{8BC9CEB8-8B4A-11D0-8D11-00A0C91BC942}") = "Socket_2_Server", "Socket_2_Server\Socket_2_Server.vcxproj", "{5A571C9B-AE21-4694-BDA4-28AA8FE6DF96}"
EndProject
Project("{8BC9CEB8-8B4A-11D0-8D11-00A0C91BC942}") = "Socket_2_Client", "Socket_2_Client\Socket_2_Client.vcxproj", "{C8CC7A11-FF11-46DF-A01B-D8FDAC9BBCCA}"
EndProject
Project("{2150E333-8FDC-42A3-9474-1A3956D46DE8}") = "Socket_3_protocol", "Socket_3_protocol", "{2D510BC6-2DA5-4672-8A8A-F4345E3F5099}"
EndProject
Project("{8BC9CEB8-8B4A-11D0-8D11-00A0C91BC942}") = "Socket_3_Client", "Socket_3_Client\Socket_3_Client.vcxproj", "{442D49A6-C9F7-4BFA-AE1E-31A54E7EA285}"
EndProject
Project("{8BC9CEB8-8B4A-11D0-8D11-00A0C91BC942}") = "Socket_3_Server", "Socket_3_Server\Socket_3_Server.vcxproj", "{9D98EFD2-9F19-4002-B16B-B6A9CBAA3E8A}"
EndProject
Project("{2150E333-8FDC-42A3-9474-1A3956D46DE8}") = "WinChatClient", "WinChatClient", "{8A492BC4-5E12-4FC0-BBEF-A12899E1D74F}"
EndProject
Project("{8BC9CEB8-8B4A-11D0-8D11-00A0C91BC942}") = "WinChatClient_0", "WinChatClient_0\WinChatClient_0.vcxproj", "{BB7EA75D-C373-4A0E-927F-6DB00BAE8547}"
EndProject
Project("{8BC9CEB8-8B4A-11D0-8D11-00A0C91BC942}") = "WinChatClient_1", "WinChatClient_1\WinChatClient_1.vcxproj", "{171F7600-247B-488A-BDA3-626314528585}"
EndProject
Project("{8BC9CEB8-8B4A-11D0-8D11-00A0C91BC942}") = "WinChatClient_2", "WinChatClient_2\WinChatClient_2.vcxproj", "{F6FA4B7B-F500-48B2-B357-6677C324E193}"
EndProject
Project("{2150E333-8FDC-42A3-9474-1A3956D46DE8}") = "WinChatServer", "WinChatServer", "{B8EFFAB4-376A-47D3-8EF1-2EBC0FE11988}"
EndProject
Project("{8BC9CEB8-8B4A-11D0-8D11-00A0C91BC942}") = "WinChatServer_0_select", "WinChatServer_0_select\WinChatServer_0_select.vcxproj", "{046A45F7-7198-498A-8DC7-CA0B85741866}"
EndProject
Project("{8BC9CEB8-8B4A-11D0-8D11-00A0C91BC942}") = "WinChatServer_1_eventSelect", "WinChatServer_1_eventSelect\WinChatServer_1_eventSelect.vcxproj", "{9E59C5D5-2FAE-446F-A9C3-D48E7DA2A680}"
EndProject
Project("{2150E333-8FDC-42A3-9474-1A3956D46DE8}") = "IO_Model", "IO_Model", "{296C162A-0D80-40AD-AC68-2520C4196264}"
EndProject
Project("{8BC9CEB8-8B4A-11D0-8D11-00A0C91BC942}") = "AsyncFileIO_0", "AsyncFileIO_0\AsyncFileIO_0.vcxproj", "{7FD0C3D3-C599-4CCC-B170-920D650FFE02}"
EndProject
Project("{8BC9CEB8-8B4A-11D0-8D11-00A0C91BC942}") = "AsyncFileIO_1", "AsyncFileIO_1\AsyncFileIO_1.vcxproj", "{42DC752A-8E6F-42D4-9D86-FC9ECB1027FB}"
EndProject
Project("{8BC9CEB8-8B4A-11D0-8D11-00A0C91BC942}") = "IOCP_0", "IOCP_0\IOCP_0.vcxproj", "{C1325881-2218-405A-97A7-598A6FFBB393}"
EndProject
Project("{8BC9CEB8-8B4A-11D0-8D11-00A0C91BC942}") = "IOCP_2", "IOCP_2\IOCP_2.vcxproj", "{28D8FFFF-891A-47FB-A579-F1CC6CDA7311}"
EndProject
Project("{8BC9CEB8-8B4A-11D0-8D11-00A0C91BC942}") = "IOCP_1", "IOCP_1\IOCP_1.vcxproj", "{64050288-6D09-42EB-AEEC-6F7BBB7B4D78}"
EndProject
Project("{8BC9CEB8-8B4A-11D0-8D11-00A0C91BC942}") = "IOCP_Server_0", "IOCP_Server_0\IOCP_Server_0.vcxproj", "{24271CB7-F702-4205-BC6C-B375F90F291E}"
EndProject
Project("{2150E333-8FDC-42A3-9474-1A3956D46DE8}") = "ImGuiTool", "ImGuiTool", "{0A0EA805-A609-439C-85BD-4093001B9825}"
EndProject
Project("{8BC9CEB8-8B4A-11D0-8D11-00A0C91BC942}") = "ImGuiTool_0", "ImGuiTool_0\ImGuiTool_0.vcxproj", "{806CFE58-9B98-46EA-9E7F-CB9261558D82}"
EndProject
Global
	GlobalSection(SolutionConfigurationPlatforms) = preSolution
		Debug|ARM = Debug|ARM
		Debug|ARM64 = Debug|ARM64
		Debug|x64 = Debug|x64
		Debug|x86 = Debug|x86
		Release|ARM = Release|ARM
		Release|ARM64 = Release|ARM64
		Release|x64 = Release|x64
		Release|x86 = Release|x86
	EndGlobalSection
	GlobalSection(ProjectConfigurationPlatforms) = postSolution
		{AC6904B2-7457-48C8-91A1-BD07C65E54C9}.Debug|ARM.ActiveCfg = Debug|x64
		{AC6904B2-7457-48C8-91A1-BD07C65E54C9}.Debug|ARM64.ActiveCfg = Debug|Win32
		{AC6904B2-7457-48C8-91A1-BD07C65E54C9}.Debug|x64.ActiveCfg = Debug|x64
		{AC6904B2-7457-48C8-91A1-BD07C65E54C9}.Debug|x64.Build.0 = Debug|x64
		{AC6904B2-7457-48C8-91A1-BD07C65E54C9}.Debug|x86.ActiveCfg = Debug|Win32
		{AC6904B2-7457-48C8-91A1-BD07C65E54C9}.Debug|x86.Build.0 = Debug|Win32
		{AC6904B2-7457-48C8-91A1-BD07C65E54C9}.Release|ARM.ActiveCfg = Release|Win32
		{AC6904B2-7457-48C8-91A1-BD07C65E54C9}.Release|ARM64.ActiveCfg = Release|Win32
		{AC6904B2-7457-48C8-91A1-BD07C65E54C9}.Release|x64.ActiveCfg = Release|x64
		{AC6904B2-7457-48C8-91A1-BD07C65E54C9}.Release|x64.Build.0 = Release|x64
		{AC6904B2-7457-48C8-91A1-BD07C65E54C9}.Release|x86.ActiveCfg = Release|Win32
		{AC6904B2-7457-48C8-91A1-BD07C65E54C9}.Release|x86.Build.0 = Release|Win32
		{0FE0C40F-333C-4814-81CB-F99DA044526D}.Debug|ARM.ActiveCfg = Debug|x64
		{0FE0C40F-333C-4814-81CB-F99DA044526D}.Debug|ARM64.ActiveCfg = Debug|Win32
		{0FE0C40F-333C-4814-81CB-F99DA044526D}.Debug|x64.ActiveCfg = Debug|x64
		{0FE0C40F-333C-4814-81CB-F99DA044526D}.Debug|x64.Build.0 = Debug|x64
		{0FE0C40F-333C-4814-81CB-F99DA044526D}.Debug|x86.ActiveCfg = Debug|Win32
		{0FE0C40F-333C-4814-81CB-F99DA044526D}.Debug|x86.Build.0 = Debug|Win32
		{0FE0C40F-333C-4814-81CB-F99DA044526D}.Release|ARM.ActiveCfg = Release|Win32
		{0FE0C40F-333C-4814-81CB-F99DA044526D}.Release|ARM64.ActiveCfg = Release|Win32
		{0FE0C40F-333C-4814-81CB-F99DA044526D}.Release|x64.ActiveCfg = Release|x64
		{0FE0C40F-333C-4814-81CB-F99DA044526D}.Release|x64.Build.0 = Release|x64
		{0FE0C40F-333C-4814-81CB-F99DA044526D}.Release|x86.ActiveCfg = Release|Win32
		{0FE0C40F-333C-4814-81CB-F99DA044526D}.Release|x86.Build.0 = Release|Win32
		{38EACF12-0E00-4A87-91FE-4845F95762D9}.Debug|ARM.ActiveCfg = Debug|x64
		{38EACF12-0E00-4A87-91FE-4845F95762D9}.Debug|ARM64.ActiveCfg = Debug|Win32
		{38EACF12-0E00-4A87-91FE-4845F95762D9}.Debug|x64.ActiveCfg = Debug|x64
		{38EACF12-0E00-4A87-91FE-4845F95762D9}.Debug|x64.Build.0 = Debug|x64
		{38EACF12-0E00-4A87-91FE-4845F95762D9}.Debug|x86.ActiveCfg = Debug|Win32
		{38EACF12-0E00-4A87-91FE-4845F95762D9}.Debug|x86.Build.0 = Debug|Win32
		{38EACF12-0E00-4A87-91FE-4845F95762D9}.Release|ARM.ActiveCfg = Release|Win32
		{38EACF12-0E00-4A87-91FE-4845F95762D9}.Release|ARM64.ActiveCfg = Release|Win32
		{38EACF12-0E00-4A87-91FE-4845F95762D9}.Release|x64.ActiveCfg = Release|x64
		{38EACF12-0E00-4A87-91FE-4845F95762D9}.Release|x64.Build.0 = Release|x64
		{38EACF12-0E00-4A87-91FE-4845F95762D9}.Release|x86.ActiveCfg = Release|Win32
		{38EACF12-0E00-4A87-91FE-4845F95762D9}.Release|x86.Build.0 = Release|Win32
		{CCE1062D-431E-4BC5-ABE5-C8F9537D27F4}.Debug|ARM.ActiveCfg = Debug|x64
		{CCE1062D-431E-4BC5-ABE5-C8F9537D27F4}.Debug|ARM64.ActiveCfg = Debug|Win32
		{CCE1062D-431E-4BC5-ABE5-C8F9537D27F4}.Debug|x64.ActiveCfg = Debug|x64
		{CCE1062D-431E-4BC5-ABE5-C8F9537D27F4}.Debug|x64.Build.0 = Debug|x64
		{CCE1062D-431E-4BC5-ABE5-C8F9537D27F4}.Debug|x86.ActiveCfg = Debug|Win32
		{CCE1062D-431E-4BC5-ABE5-C8F9537D27F4}.Debug|x86.Build.0 = Debug|Win32
		{CCE1062D-431E-4BC5-ABE5-C8F9537D27F4}.Release|ARM.ActiveCfg = Release|Win32
		{CCE1062D-431E-4BC5-ABE5-C8F9537D27F4}.Release|ARM64.ActiveCfg = Release|Win32
		{CCE1062D-431E-4BC5-ABE5-C8F9537D27F4}.Release|x64.ActiveCfg = Release|x64
		{CCE1062D-431E-4BC5-ABE5-C8F9537D27F4}.Release|x64.Build.0 = Release|x64
		{CCE1062D-431E-4BC5-ABE5-C8F9537D27F4}.Release|x86.ActiveCfg = Release|Win32
		{CCE1062D-431E-4BC5-ABE5-C8F9537D27F4}.Release|x86.Build.0 = Release|Win32
		{4554383A-B2DC-4AF5-87B4-A71483A5FC70}.Debug|ARM.ActiveCfg = Debug|x64
		{4554383A-B2DC-4AF5-87B4-A71483A5FC70}.Debug|ARM64.ActiveCfg = Debug|Win32
		{4554383A-B2DC-4AF5-87B4-A71483A5FC70}.Debug|x64.ActiveCfg = Debug|x64
		{4554383A-B2DC-4AF5-87B4-A71483A5FC70}.Debug|x64.Build.0 = Debug|x64
		{4554383A-B2DC-4AF5-87B4-A71483A5FC70}.Debug|x86.ActiveCfg = Debug|Win32
		{4554383A-B2DC-4AF5-87B4-A71483A5FC70}.Debug|x86.Build.0 = Debug|Win32
		{4554383A-B2DC-4AF5-87B4-A71483A5FC70}.Release|ARM.ActiveCfg = Release|Win32
		{4554383A-B2DC-4AF5-87B4-A71483A5FC70}.Release|ARM64.ActiveCfg = Release|Win32
		{4554383A-B2DC-4AF5-87B4-A71483A5FC70}.Release|x64.ActiveCfg = Release|x64
		{4554383A-B2DC-4AF5-87B4-A71483A5FC70}.Release|x64.Build.0 = Release|x64
		{4554383A-B2DC-4AF5-87B4-A71483A5FC70}.Release|x86.ActiveCfg = Release|Win32
		{4554383A-B2DC-4AF5-87B4-A71483A5FC70}.Release|x86.Build.0 = Release|Win32
		{71C19FFA-C0E0-43B7-AD38-CCE486831FEA}.Debug|ARM.ActiveCfg = Debug|x64
		{71C19FFA-C0E0-43B7-AD38-CCE486831FEA}.Debug|ARM64.ActiveCfg = Debug|Win32
		{71C19FFA-C0E0-43B7-AD38-CCE486831FEA}.Debug|x64.ActiveCfg = Debug|x64
		{71C19FFA-C0E0-43B7-AD38-CCE486831FEA}.Debug|x64.Build.0 = Debug|x64
		{71C19FFA-C0E0-43B7-AD38-CCE486831FEA}.Debug|x86.ActiveCfg = Debug|Win32
		{71C19FFA-C0E0-43B7-AD38-CCE486831FEA}.Debug|x86.Build.0 = Debug|Win32
		{71C19FFA-C0E0-43B7-AD38-CCE486831FEA}.Release|ARM.ActiveCfg = Release|Win32
		{71C19FFA-C0E0-43B7-AD38-CCE486831FEA}.Release|ARM64.ActiveCfg = Release|Win32
		{71C19FFA-C0E0-43B7-AD38-CCE486831FEA}.Release|x64.ActiveCfg = Release|x64
		{71C19FFA-C0E0-43B7-AD38-CCE486831FEA}.Release|x64.Build.0 = Release|x64
		{71C19FFA-C0E0-43B7-AD38-CCE486831FEA}.Release|x86.ActiveCfg = Release|Win32
		{71C19FFA-C0E0-43B7-AD38-CCE486831FEA}.Release|x86.Build.0 = Release|Win32
		{83B2788C-ADBA-4D7C-86AC-84E593FC88A6}.Debug|ARM.ActiveCfg = Debug|x64
		{83B2788C-ADBA-4D7C-86AC-84E593FC88A6}.Debug|ARM64.ActiveCfg = Debug|Win32
		{83B2788C-ADBA-4D7C-86AC-84E593FC88A6}.Debug|x64.ActiveCfg = Debug|x64
		{83B2788C-ADBA-4D7C-86AC-84E593FC88A6}.Debug|x64.Build.0 = Debug|x64
		{83B2788C-ADBA-4D7C-86AC-84E593FC88A6}.Debug|x86.ActiveCfg = Debug|Win32
		{83B2788C-ADBA-4D7C-86AC-84E593FC88A6}.Debug|x86.Build.0 = Debug|Win32
		{83B2788C-ADBA-4D7C-86AC-84E593FC88A6}.Release|ARM.ActiveCfg = Release|Win32
		{83B2788C-ADBA-4D7C-86AC-84E593FC88A6}.Release|ARM64.ActiveCfg = Release|Win32
		{83B2788C-ADBA-4D7C-86AC-84E593FC88A6}.Release|x64.ActiveCfg = Release|x64
		{83B2788C-ADBA-4D7C-86AC-84E593FC88A6}.Release|x64.Build.0 = Release|x64
		{83B2788C-ADBA-4D7C-86AC-84E593FC88A6}.Release|x86.ActiveCfg = Release|Win32
		{83B2788C-ADBA-4D7C-86AC-84E593FC88A6}.Release|x86.Build.0 = Release|Win32
		{343D8A9F-D71E-4450-BCAC-96673458AFEE}.Debug|ARM.ActiveCfg = Debug|x64
		{343D8A9F-D71E-4450-BCAC-96673458AFEE}.Debug|ARM64.ActiveCfg = Debug|Win32
		{343D8A9F-D71E-4450-BCAC-96673458AFEE}.Debug|x64.ActiveCfg = Debug|x64
		{343D8A9F-D71E-4450-BCAC-96673458AFEE}.Debug|x64.Build.0 = Debug|x64
		{343D8A9F-D71E-4450-BCAC-96673458AFEE}.Debug|x86.ActiveCfg = Debug|Win32
		{343D8A9F-D71E-4450-BCAC-96673458AFEE}.Debug|x86.Build.0 = Debug|Win32
		{343D8A9F-D71E-4450-BCAC-96673458AFEE}.Release|ARM.ActiveCfg = Release|Win32
		{343D8A9F-D71E-4450-BCAC-96673458AFEE}.Release|ARM64.ActiveCfg = Release|Win32
		{343D8A9F-D71E-4450-BCAC-96673458AFEE}.Release|x64.ActiveCfg = Release|x64
		{343D8A9F-D71E-4450-BCAC-96673458AFEE}.Release|x64.Build.0 = Release|x64
		{343D8A9F-D71E-4450-BCAC-96673458AFEE}.Release|x86.ActiveCfg = Release|Win32
		{343D8A9F-D71E-4450-BCAC-96673458AFEE}.Release|x86.Build.0 = Release|Win32
		{DC3634CF-B268-4A35-9075-60CD384E2ADF}.Debug|ARM.ActiveCfg = Debug|x64
		{DC3634CF-B268-4A35-9075-60CD384E2ADF}.Debug|ARM64.ActiveCfg = Debug|Win32
		{DC3634CF-B268-4A35-9075-60CD384E2ADF}.Debug|x64.ActiveCfg = Debug|x64
		{DC3634CF-B268-4A35-9075-60CD384E2ADF}.Debug|x64.Build.0 = Debug|x64
		{DC3634CF-B268-4A35-9075-60CD384E2ADF}.Debug|x86.ActiveCfg = Debug|Win32
		{DC3634CF-B268-4A35-9075-60CD384E2ADF}.Debug|x86.Build.0 = Debug|Win32
		{DC3634CF-B268-4A35-9075-60CD384E2ADF}.Release|ARM.ActiveCfg = Release|Win32
		{DC3634CF-B268-4A35-9075-60CD384E2ADF}.Release|ARM64.ActiveCfg = Release|Win32
		{DC3634CF-B268-4A35-9075-60CD384E2ADF}.Release|x64.ActiveCfg = Release|x64
		{DC3634CF-B268-4A35-9075-60CD384E2ADF}.Release|x64.Build.0 = Release|x64
		{DC3634CF-B268-4A35-9075-60CD384E2ADF}.Release|x86.ActiveCfg = Release|Win32
		{DC3634CF-B268-4A35-9075-60CD384E2ADF}.Release|x86.Build.0 = Release|Win32
		{EC76E300-B6AE-4765-8548-EA5AF6B22C77}.Debug|ARM.ActiveCfg = Debug|x64
		{EC76E300-B6AE-4765-8548-EA5AF6B22C77}.Debug|ARM64.ActiveCfg = Debug|Win32
		{EC76E300-B6AE-4765-8548-EA5AF6B22C77}.Debug|x64.ActiveCfg = Debug|x64
		{EC76E300-B6AE-4765-8548-EA5AF6B22C77}.Debug|x64.Build.0 = Debug|x64
		{EC76E300-B6AE-4765-8548-EA5AF6B22C77}.Debug|x86.ActiveCfg = Debug|Win32
		{EC76E300-B6AE-4765-8548-EA5AF6B22C77}.Debug|x86.Build.0 = Debug|Win32
		{EC76E300-B6AE-4765-8548-EA5AF6B22C77}.Release|ARM.ActiveCfg = Release|Win32
		{EC76E300-B6AE-4765-8548-EA5AF6B22C77}.Release|ARM64.ActiveCfg = Release|Win32
		{EC76E300-B6AE-4765-8548-EA5AF6B22C77}.Release|x64.ActiveCfg = Release|x64
		{EC76E300-B6AE-4765-8548-EA5AF6B22C77}.Release|x64.Build.0 = Release|x64
		{EC76E300-B6AE-4765-8548-EA5AF6B22C77}.Release|x86.ActiveCfg = Release|Win32
		{EC76E300-B6AE-4765-8548-EA5AF6B22C77}.Release|x86.Build.0 = Release|Win32
		{958C712C-B727-444F-8C0A-34C1CC868C4A}.Debug|ARM.ActiveCfg = Debug|x64
		{958C712C-B727-444F-8C0A-34C1CC868C4A}.Debug|ARM64.ActiveCfg = Debug|Win32
		{958C712C-B727-444F-8C0A-34C1CC868C4A}.Debug|x64.ActiveCfg = Debug|x64
		{958C712C-B727-444F-8C0A-34C1CC868C4A}.Debug|x64.Build.0 = Debug|x64
		{958C712C-B727-444F-8C0A-34C1CC868C4A}.Debug|x86.ActiveCfg = Debug|Win32
		{958C712C-B727-444F-8C0A-34C1CC868C4A}.Debug|x86.Build.0 = Debug|Win32
		{958C712C-B727-444F-8C0A-34C1CC868C4A}.Release|ARM.ActiveCfg = Release|Win32
		{958C712C-B727-444F-8C0A-34C1CC868C4A}.Release|ARM64.ActiveCfg = Release|Win32
		{958C712C-B727-444F-8C0A-34C1CC868C4A}.Release|x64.ActiveCfg = Release|x64
		{958C712C-B727-444F-8C0A-34C1CC868C4A}.Release|x64.Build.0 = Release|x64
		{958C712C-B727-444F-8C0A-34C1CC868C4A}.Release|x86.ActiveCfg = Release|Win32
		{958C712C-B727-444F-8C0A-34C1CC868C4A}.Release|x86.Build.0 = Release|Win32
		{3461F477-DC72-4E22-8B5D-056A81CD4547}.Debug|ARM.ActiveCfg = Debug|x64
		{3461F477-DC72-4E22-8B5D-056A81CD4547}.Debug|ARM64.ActiveCfg = Debug|Win32
		{3461F477-DC72-4E22-8B5D-056A81CD4547}.Debug|x64.ActiveCfg = Debug|x64
		{3461F477-DC72-4E22-8B5D-056A81CD4547}.Debug|x64.Build.0 = Debug|x64
		{3461F477-DC72-4E22-8B5D-056A81CD4547}.Debug|x86.ActiveCfg = Debug|Win32
		{3461F477-DC72-4E22-8B5D-056A81CD4547}.Debug|x86.Build.0 = Debug|Win32
		{3461F477-DC72-4E22-8B5D-056A81CD4547}.Release|ARM.ActiveCfg = Release|Win32
		{3461F477-DC72-4E22-8B5D-056A81CD4547}.Release|ARM64.ActiveCfg = Release|Win32
		{3461F477-DC72-4E22-8B5D-056A81CD4547}.Release|x64.ActiveCfg = Release|x64
		{3461F477-DC72-4E22-8B5D-056A81CD4547}.Release|x64.Build.0 = Release|x64
		{3461F477-DC72-4E22-8B5D-056A81CD4547}.Release|x86.ActiveCfg = Release|Win32
		{3461F477-DC72-4E22-8B5D-056A81CD4547}.Release|x86.Build.0 = Release|Win32
		{E9C37D52-56BF-4A6E-9DDF-A75ED941F004}.Debug|ARM.ActiveCfg = Debug|x64
		{E9C37D52-56BF-4A6E-9DDF-A75ED941F004}.Debug|ARM64.ActiveCfg = Debug|Win32
		{E9C37D52-56BF-4A6E-9DDF-A75ED941F004}.Debug|x64.ActiveCfg = Debug|x64
		{E9C37D52-56BF-4A6E-9DDF-A75ED941F004}.Debug|x64.Build.0 = Debug|x64
		{E9C37D52-56BF-4A6E-9DDF-A75ED941F004}.Debug|x86.ActiveCfg = Debug|Win32
		{E9C37D52-56BF-4A6E-9DDF-A75ED941F004}.Debug|x86.Build.0 = Debug|Win32
		{E9C37D52-56BF-4A6E-9DDF-A75ED941F004}.Release|ARM.ActiveCfg = Release|Win32
		{E9C37D52-56BF-4A6E-9DDF-A75ED941F004}.Release|ARM64.ActiveCfg = Release|Win32
		{E9C37D52-56BF-4A6E-9DDF-A75ED941F004}.Release|x64.ActiveCfg = Release|x64
		{E9C37D52-56BF-4A6E-9DDF-A75ED941F004}.Release|x64.Build.0 = Release|x64
		{E9C37D52-56BF-4A6E-9DDF-A75ED941F004}.Release|x86.ActiveCfg = Release|Win32
		{E9C37D52-56BF-4A6E-9DDF-A75ED941F004}.Release|x86.Build.0 = Release|Win32
		{6E6D46E1-AC9E-4AE5-BB76-B757F8951CF7}.Debug|ARM.ActiveCfg = Debug|x64
		{6E6D46E1-AC9E-4AE5-BB76-B757F8951CF7}.Debug|ARM64.ActiveCfg = Debug|Win32
		{6E6D46E1-AC9E-4AE5-BB76-B757F8951CF7}.Debug|x64.ActiveCfg = Debug|x64
		{6E6D46E1-AC9E-4AE5-BB76-B757F8951CF7}.Debug|x64.Build.0 = Debug|x64
		{6E6D46E1-AC9E-4AE5-BB76-B757F8951CF7}.Debug|x86.ActiveCfg = Debug|Win32
		{6E6D46E1-AC9E-4AE5-BB76-B757F8951CF7}.Debug|x86.Build.0 = Debug|Win32
		{6E6D46E1-AC9E-4AE5-BB76-B757F8951CF7}.Release|ARM.ActiveCfg = Release|Win32
		{6E6D46E1-AC9E-4AE5-BB76-B757F8951CF7}.Release|ARM64.ActiveCfg = Release|Win32
		{6E6D46E1-AC9E-4AE5-BB76-B757F8951CF7}.Release|x64.ActiveCfg = Release|x64
		{6E6D46E1-AC9E-4AE5-BB76-B757F8951CF7}.Release|x64.Build.0 = Release|x64
		{6E6D46E1-AC9E-4AE5-BB76-B757F8951CF7}.Release|x86.ActiveCfg = Release|Win32
		{6E6D46E1-AC9E-4AE5-BB76-B757F8951CF7}.Release|x86.Build.0 = Release|Win32
		{93C41B9B-C914-4B4F-80DC-0E83EA4EBD39}.Debug|ARM.ActiveCfg = Debug|x64
		{93C41B9B-C914-4B4F-80DC-0E83EA4EBD39}.Debug|ARM64.ActiveCfg = Debug|Win32
		{93C41B9B-C914-4B4F-80DC-0E83EA4EBD39}.Debug|x64.ActiveCfg = Debug|x64
		{93C41B9B-C914-4B4F-80DC-0E83EA4EBD39}.Debug|x64.Build.0 = Debug|x64
		{93C41B9B-C914-4B4F-80DC-0E83EA4EBD39}.Debug|x86.ActiveCfg = Debug|Win32
		{93C41B9B-C914-4B4F-80DC-0E83EA4EBD39}.Debug|x86.Build.0 = Debug|Win32
		{93C41B9B-C914-4B4F-80DC-0E83EA4EBD39}.Release|ARM.ActiveCfg = Release|Win32
		{93C41B9B-C914-4B4F-80DC-0E83EA4EBD39}.Release|ARM64.ActiveCfg = Release|Win32
		{93C41B9B-C914-4B4F-80DC-0E83EA4EBD39}.Release|x64.ActiveCfg = Release|x64
		{93C41B9B-C914-4B4F-80DC-0E83EA4EBD39}.Release|x64.Build.0 = Release|x64
		{93C41B9B-C914-4B4F-80DC-0E83EA4EBD39}.Release|x86.ActiveCfg = Release|Win32
		{93C41B9B-C914-4B4F-80DC-0E83EA4EBD39}.Release|x86.Build.0 = Release|Win32
		{DEEFEA85-CABF-4A87-B0C4-AF9122122C1A}.Debug|ARM.ActiveCfg = Debug|x64
		{DEEFEA85-CABF-4A87-B0C4-AF9122122C1A}.Debug|ARM64.ActiveCfg = Debug|Win32
		{DEEFEA85-CABF-4A87-B0C4-AF9122122C1A}.Debug|x64.ActiveCfg = Debug|x64
		{DEEFEA85-CABF-4A87-B0C4-AF9122122C1A}.Debug|x64.Build.0 = Debug|x64
		{DEEFEA85-CABF-4A87-B0C4-AF9122122C1A}.Debug|x86.ActiveCfg = Debug|Win32
		{DEEFEA85-CABF-4A87-B0C4-AF9122122C1A}.Debug|x86.Build.0 = Debug|Win32
		{DEEFEA85-CABF-4A87-B0C4-AF9122122C1A}.Release|ARM.ActiveCfg = Release|Win32
		{DEEFEA85-CABF-4A87-B0C4-AF9122122C1A}.Release|ARM64.ActiveCfg = Release|Win32
		{DEEFEA85-CABF-4A87-B0C4-AF9122122C1A}.Release|x64.ActiveCfg = Release|x64
		{DEEFEA85-CABF-4A87-B0C4-AF9122122C1A}.Release|x64.Build.0 = Release|x64
		{DEEFEA85-CABF-4A87-B0C4-AF9122122C1A}.Release|x86.ActiveCfg = Release|Win32
		{DEEFEA85-CABF-4A87-B0C4-AF9122122C1A}.Release|x86.Build.0 = Release|Win32
		{05E4FD2D-2C76-4BFB-BE3D-D4A7D8A7448E}.Debug|ARM.ActiveCfg = Debug|x64
		{05E4FD2D-2C76-4BFB-BE3D-D4A7D8A7448E}.Debug|ARM64.ActiveCfg = Debug|Win32
		{05E4FD2D-2C76-4BFB-BE3D-D4A7D8A7448E}.Debug|x64.ActiveCfg = Debug|x64
		{05E4FD2D-2C76-4BFB-BE3D-D4A7D8A7448E}.Debug|x64.Build.0 = Debug|x64
		{05E4FD2D-2C76-4BFB-BE3D-D4A7D8A7448E}.Debug|x86.ActiveCfg = Debug|Win32
		{05E4FD2D-2C76-4BFB-BE3D-D4A7D8A7448E}.Debug|x86.Build.0 = Debug|Win32
		{05E4FD2D-2C76-4BFB-BE3D-D4A7D8A7448E}.Release|ARM.ActiveCfg = Release|Win32
		{05E4FD2D-2C76-4BFB-BE3D-D4A7D8A7448E}.Release|ARM64.ActiveCfg = Release|Win32
		{05E4FD2D-2C76-4BFB-BE3D-D4A7D8A7448E}.Release|x64.ActiveCfg = Release|x64
		{05E4FD2D-2C76-4BFB-BE3D-D4A7D8A7448E}.Release|x64.Build.0 = Release|x64
		{05E4FD2D-2C76-4BFB-BE3D-D4A7D8A7448E}.Release|x86.ActiveCfg = Release|Win32
		{05E4FD2D-2C76-4BFB-BE3D-D4A7D8A7448E}.Release|x86.Build.0 = Release|Win32
		{A54AAF20-7D88-4ED3-B69C-79E30A9AC106}.Debug|ARM.ActiveCfg = Debug|x64
		{A54AAF20-7D88-4ED3-B69C-79E30A9AC106}.Debug|ARM64.ActiveCfg = Debug|Win32
		{A54AAF20-7D88-4ED3-B69C-79E30A9AC106}.Debug|x64.ActiveCfg = Debug|x64
		{A54AAF20-7D88-4ED3-B69C-79E30A9AC106}.Debug|x64.Build.0 = Debug|x64
		{A54AAF20-7D88-4ED3-B69C-79E30A9AC106}.Debug|x86.ActiveCfg = Debug|Win32
		{A54AAF20-7D88-4ED3-B69C-79E30A9AC106}.Debug|x86.Build.0 = Debug|Win32
		{A54AAF20-7D88-4ED3-B69C-79E30A9AC106}.Release|ARM.ActiveCfg = Release|Win32
		{A54AAF20-7D88-4ED3-B69C-79E30A9AC106}.Release|ARM64.ActiveCfg = Release|Win32
		{A54AAF20-7D88-4ED3-B69C-79E30A9AC106}.Release|x64.ActiveCfg = Release|x64
		{A54AAF20-7D88-4ED3-B69C-79E30A9AC106}.Release|x64.Build.0 = Release|x64
		{A54AAF20-7D88-4ED3-B69C-79E30A9AC106}.Release|x86.ActiveCfg = Release|Win32
		{A54AAF20-7D88-4ED3-B69C-79E30A9AC106}.Release|x86.Build.0 = Release|Win32
		{942B0FE6-1204-47D0-9E48-78FF56783352}.Debug|ARM.ActiveCfg = Debug|x64
		{942B0FE6-1204-47D0-9E48-78FF56783352}.Debug|ARM64.ActiveCfg = Debug|Win32
		{942B0FE6-1204-47D0-9E48-78FF56783352}.Debug|x64.ActiveCfg = Debug|x64
		{942B0FE6-1204-47D0-9E48-78FF56783352}.Debug|x64.Build.0 = Debug|x64
		{942B0FE6-1204-47D0-9E48-78FF56783352}.Debug|x86.ActiveCfg = Debug|Win32
		{942B0FE6-1204-47D0-9E48-78FF56783352}.Debug|x86.Build.0 = Debug|Win32
		{942B0FE6-1204-47D0-9E48-78FF56783352}.Release|ARM.ActiveCfg = Release|Win32
		{942B0FE6-1204-47D0-9E48-78FF56783352}.Release|ARM64.ActiveCfg = Release|Win32
		{942B0FE6-1204-47D0-9E48-78FF56783352}.Release|x64.ActiveCfg = Release|x64
		{942B0FE6-1204-47D0-9E48-78FF56783352}.Release|x64.Build.0 = Release|x64
		{942B0FE6-1204-47D0-9E48-78FF56783352}.Release|x86.ActiveCfg = Release|Win32
		{942B0FE6-1204-47D0-9E48-78FF56783352}.Release|x86.Build.0 = Release|Win32
		{90657AE5-69F9-4228-A554-09665F30C6B2}.Debug|ARM.ActiveCfg = Debug|x64
		{90657AE5-69F9-4228-A554-09665F30C6B2}.Debug|ARM64.ActiveCfg = Debug|Win32
		{90657AE5-69F9-4228-A554-09665F30C6B2}.Debug|x64.ActiveCfg = Debug|x64
		{90657AE5-69F9-4228-A554-09665F30C6B2}.Debug|x64.Build.0 = Debug|x64
		{90657AE5-69F9-4228-A554-09665F30C6B2}.Debug|x86.ActiveCfg = Debug|Win32
		{90657AE5-69F9-4228-A554-09665F30C6B2}.Debug|x86.Build.0 = Debug|Win32
		{90657AE5-69F9-4228-A554-09665F30C6B2}.Release|ARM.ActiveCfg = Release|Win32
		{90657AE5-69F9-4228-A554-09665F30C6B2}.Release|ARM64.ActiveCfg = Release|Win32
		{90657AE5-69F9-4228-A554-09665F30C6B2}.Release|x64.ActiveCfg = Release|x64
		{90657AE5-69F9-4228-A554-09665F30C6B2}.Release|x64.Build.0 = Release|x64
		{90657AE5-69F9-4228-A554-09665F30C6B2}.Release|x86.ActiveCfg = Release|Win32
		{90657AE5-69F9-4228-A554-09665F30C6B2}.Release|x86.Build.0 = Release|Win32
		{D54F045C-3BB9-41E3-8C4D-82050179DEF1}.Debug|ARM.ActiveCfg = Debug|x64
		{D54F045C-3BB9-41E3-8C4D-82050179DEF1}.Debug|ARM64.ActiveCfg = Debug|Win32
		{D54F045C-3BB9-41E3-8C4D-82050179DEF1}.Debug|x64.ActiveCfg = Debug|x64
		{D54F045C-3BB9-41E3-8C4D-82050179DEF1}.Debug|x64.Build.0 = Debug|x64
		{D54F045C-3BB9-41E3-8C4D-82050179DEF1}.Debug|x86.ActiveCfg = Debug|Win32
		{D54F045C-3BB9-41E3-8C4D-82050179DEF1}.Debug|x86.Build.0 = Debug|Win32
		{D54F045C-3BB9-41E3-8C4D-82050179DEF1}.Release|ARM.ActiveCfg = Release|Win32
		{D54F045C-3BB9-41E3-8C4D-82050179DEF1}.Release|ARM64.ActiveCfg = Release|Win32
		{D54F045C-3BB9-41E3-8C4D-82050179DEF1}.Release|x64.ActiveCfg = Release|x64
		{D54F045C-3BB9-41E3-8C4D-82050179DEF1}.Release|x64.Build.0 = Release|x64
		{D54F045C-3BB9-41E3-8C4D-82050179DEF1}.Release|x86.ActiveCfg = Release|Win32
		{D54F045C-3BB9-41E3-8C4D-82050179DEF1}.Release|x86.Build.0 = Release|Win32
		{7A4131F1-CAB4-4528-967B-162AB2C5D169}.Debug|ARM.ActiveCfg = Debug|x64
		{7A4131F1-CAB4-4528-967B-162AB2C5D169}.Debug|ARM64.ActiveCfg = Debug|Win32
		{7A4131F1-CAB4-4528-967B-162AB2C5D169}.Debug|x64.ActiveCfg = Debug|x64
		{7A4131F1-CAB4-4528-967B-162AB2C5D169}.Debug|x64.Build.0 = Debug|x64
		{7A4131F1-CAB4-4528-967B-162AB2C5D169}.Debug|x86.ActiveCfg = Debug|Win32
		{7A4131F1-CAB4-4528-967B-162AB2C5D169}.Debug|x86.Build.0 = Debug|Win32
		{7A4131F1-CAB4-4528-967B-162AB2C5D169}.Release|ARM.ActiveCfg = Release|Win32
		{7A4131F1-CAB4-4528-967B-162AB2C5D169}.Release|ARM64.ActiveCfg = Release|Win32
		{7A4131F1-CAB4-4528-967B-162AB2C5D169}.Release|x64.ActiveCfg = Release|x64
		{7A4131F1-CAB4-4528-967B-162AB2C5D169}.Release|x64.Build.0 = Release|x64
		{7A4131F1-CAB4-4528-967B-162AB2C5D169}.Release|x86.ActiveCfg = Release|Win32
		{7A4131F1-CAB4-4528-967B-162AB2C5D169}.Release|x86.Build.0 = Release|Win32
		{F2544097-E90B-4EAB-B88C-30292661D812}.Debug|ARM.ActiveCfg = Debug|x64
		{F2544097-E90B-4EAB-B88C-30292661D812}.Debug|ARM64.ActiveCfg = Debug|Win32
		{F2544097-E90B-4EAB-B88C-30292661D812}.Debug|x64.ActiveCfg = Debug|x64
		{F2544097-E90B-4EAB-B88C-30292661D812}.Debug|x64.Build.0 = Debug|x64
		{F2544097-E90B-4EAB-B88C-30292661D812}.Debug|x86.ActiveCfg = Debug|Win32
		{F2544097-E90B-4EAB-B88C-30292661D812}.Debug|x86.Build.0 = Debug|Win32
		{F2544097-E90B-4EAB-B88C-30292661D812}.Release|ARM.ActiveCfg = Release|Win32
		{F2544097-E90B-4EAB-B88C-30292661D812}.Release|ARM64.ActiveCfg = Release|Win32
		{F2544097-E90B-4EAB-B88C-30292661D812}.Release|x64.ActiveCfg = Release|x64
		{F2544097-E90B-4EAB-B88C-30292661D812}.Release|x64.Build.0 = Release|x64
		{F2544097-E90B-4EAB-B88C-30292661D812}.Release|x86.ActiveCfg = Release|Win32
		{F2544097-E90B-4EAB-B88C-30292661D812}.Release|x86.Build.0 = Release|Win32
		{0F900CFA-59E5-4B4C-AC95-0745600E8C13}.Debug|ARM.ActiveCfg = Debug|x64
		{0F900CFA-59E5-4B4C-AC95-0745600E8C13}.Debug|ARM64.ActiveCfg = Debug|Win32
		{0F900CFA-59E5-4B4C-AC95-0745600E8C13}.Debug|x64.ActiveCfg = Debug|x64
		{0F900CFA-59E5-4B4C-AC95-0745600E8C13}.Debug|x64.Build.0 = Debug|x64
		{0F900CFA-59E5-4B4C-AC95-0745600E8C13}.Debug|x86.ActiveCfg = Debug|Win32
		{0F900CFA-59E5-4B4C-AC95-0745600E8C13}.Debug|x86.Build.0 = Debug|Win32
		{0F900CFA-59E5-4B4C-AC95-0745600E8C13}.Release|ARM.ActiveCfg = Release|Win32
		{0F900CFA-59E5-4B4C-AC95-0745600E8C13}.Release|ARM64.ActiveCfg = Release|Win32
		{0F900CFA-59E5-4B4C-AC95-0745600E8C13}.Release|x64.ActiveCfg = Release|x64
		{0F900CFA-59E5-4B4C-AC95-0745600E8C13}.Release|x64.Build.0 = Release|x64
		{0F900CFA-59E5-4B4C-AC95-0745600E8C13}.Release|x86.ActiveCfg = Release|Win32
		{0F900CFA-59E5-4B4C-AC95-0745600E8C13}.Release|x86.Build.0 = Release|Win32
		{6BFF45DB-1602-4700-95B1-C0B97B6E0A1F}.Debug|ARM.ActiveCfg = Debug|x64
		{6BFF45DB-1602-4700-95B1-C0B97B6E0A1F}.Debug|ARM64.ActiveCfg = Debug|Win32
		{6BFF45DB-1602-4700-95B1-C0B97B6E0A1F}.Debug|x64.ActiveCfg = Debug|x64
		{6BFF45DB-1602-4700-95B1-C0B97B6E0A1F}.Debug|x64.Build.0 = Debug|x64
		{6BFF45DB-1602-4700-95B1-C0B97B6E0A1F}.Debug|x86.ActiveCfg = Debug|Win32
		{6BFF45DB-1602-4700-95B1-C0B97B6E0A1F}.Debug|x86.Build.0 = Debug|Win32
		{6BFF45DB-1602-4700-95B1-C0B97B6E0A1F}.Release|ARM.ActiveCfg = Release|Win32
		{6BFF45DB-1602-4700-95B1-C0B97B6E0A1F}.Release|ARM64.ActiveCfg = Release|Win32
		{6BFF45DB-1602-4700-95B1-C0B97B6E0A1F}.Release|x64.ActiveCfg = Release|x64
		{6BFF45DB-1602-4700-95B1-C0B97B6E0A1F}.Release|x64.Build.0 = Release|x64
		{6BFF45DB-1602-4700-95B1-C0B97B6E0A1F}.Release|x86.ActiveCfg = Release|Win32
		{6BFF45DB-1602-4700-95B1-C0B97B6E0A1F}.Release|x86.Build.0 = Release|Win32
		{1DDA7EF3-0B3F-49E5-87D1-37DC52B17696}.Debug|ARM.ActiveCfg = Debug|x64
		{1DDA7EF3-0B3F-49E5-87D1-37DC52B17696}.Debug|ARM64.ActiveCfg = Debug|Win32
		{1DDA7EF3-0B3F-49E5-87D1-37DC52B17696}.Debug|x64.ActiveCfg = Debug|x64
		{1DDA7EF3-0B3F-49E5-87D1-37DC52B17696}.Debug|x64.Build.0 = Debug|x64
		{1DDA7EF3-0B3F-49E5-87D1-37DC52B17696}.Debug|x86.ActiveCfg = Debug|Win32
		{1DDA7EF3-0B3F-49E5-87D1-37DC52B17696}.Debug|x86.Build.0 = Debug|Win32
		{1DDA7EF3-0B3F-49E5-87D1-37DC52B17696}.Release|ARM.ActiveCfg = Release|Win32
		{1DDA7EF3-0B3F-49E5-87D1-37DC52B17696}.Release|ARM64.ActiveCfg = Release|Win32
		{1DDA7EF3-0B3F-49E5-87D1-37DC52B17696}.Release|x64.ActiveCfg = Release|x64
		{1DDA7EF3-0B3F-49E5-87D1-37DC52B17696}.Release|x64.Build.0 = Release|x64
		{1DDA7EF3-0B3F-49E5-87D1-37DC52B17696}.Release|x86.ActiveCfg = Release|Win32
		{1DDA7EF3-0B3F-49E5-87D1-37DC52B17696}.Release|x86.Build.0 = Release|Win32
		{7F04B00D-B131-4055-8776-1593B7FBF2FB}.Debug|ARM.ActiveCfg = Debug|x64
		{7F04B00D-B131-4055-8776-1593B7FBF2FB}.Debug|ARM64.ActiveCfg = Debug|Win32
		{7F04B00D-B131-4055-8776-1593B7FBF2FB}.Debug|x64.ActiveCfg = Debug|x64
		{7F04B00D-B131-4055-8776-1593B7FBF2FB}.Debug|x64.Build.0 = Debug|x64
		{7F04B00D-B131-4055-8776-1593B7FBF2FB}.Debug|x86.ActiveCfg = Debug|Win32
		{7F04B00D-B131-4055-8776-1593B7FBF2FB}.Debug|x86.Build.0 = Debug|Win32
		{7F04B00D-B131-4055-8776-1593B7FBF2FB}.Release|ARM.ActiveCfg = Release|Win32
		{7F04B00D-B131-4055-8776-1593B7FBF2FB}.Release|ARM64.ActiveCfg = Release|Win32
		{7F04B00D-B131-4055-8776-1593B7FBF2FB}.Release|x64.ActiveCfg = Release|x64
		{7F04B00D-B131-4055-8776-1593B7FBF2FB}.Release|x64.Build.0 = Release|x64
		{7F04B00D-B131-4055-8776-1593B7FBF2FB}.Release|x86.ActiveCfg = Release|Win32
		{7F04B00D-B131-4055-8776-1593B7FBF2FB}.Release|x86.Build.0 = Release|Win32
		{384C2D47-66FC-4C02-9FBE-108A9D6DB29E}.Debug|ARM.ActiveCfg = Debug|x64
		{384C2D47-66FC-4C02-9FBE-108A9D6DB29E}.Debug|ARM64.ActiveCfg = Debug|Win32
		{384C2D47-66FC-4C02-9FBE-108A9D6DB29E}.Debug|x64.ActiveCfg = Debug|x64
		{384C2D47-66FC-4C02-9FBE-108A9D6DB29E}.Debug|x64.Build.0 = Debug|x64
		{384C2D47-66FC-4C02-9FBE-108A9D6DB29E}.Debug|x86.ActiveCfg = Debug|Win32
		{384C2D47-66FC-4C02-9FBE-108A9D6DB29E}.Debug|x86.Build.0 = Debug|Win32
		{384C2D47-66FC-4C02-9FBE-108A9D6DB29E}.Release|ARM.ActiveCfg = Release|Win32
		{384C2D47-66FC-4C02-9FBE-108A9D6DB29E}.Release|ARM64.ActiveCfg = Release|Win32
		{384C2D47-66FC-4C02-9FBE-108A9D6DB29E}.Release|x64.ActiveCfg = Release|x64
		{384C2D47-66FC-4C02-9FBE-108A9D6DB29E}.Release|x64.Build.0 = Release|x64
		{384C2D47-66FC-4C02-9FBE-108A9D6DB29E}.Release|x86.ActiveCfg = Release|Win32
		{384C2D47-66FC-4C02-9FBE-108A9D6DB29E}.Release|x86.Build.0 = Release|Win32
		{8F77546B-961C-43F3-9EEF-5A7F0C90C15C}.Debug|ARM.ActiveCfg = Debug|x64
		{8F77546B-961C-43F3-9EEF-5A7F0C90C15C}.Debug|ARM64.ActiveCfg = Debug|Win32
		{8F77546B-961C-43F3-9EEF-5A7F0C90C15C}.Debug|x64.ActiveCfg = Debug|x64
		{8F77546B-961C-43F3-9EEF-5A7F0C90C15C}.Debug|x64.Build.0 = Debug|x64
		{8F77546B-961C-43F3-9EEF-5A7F0C90C15C}.Debug|x86.ActiveCfg = Debug|Win32
		{8F77546B-961C-43F3-9EEF-5A7F0C90C15C}.Debug|x86.Build.0 = Debug|Win32
		{8F77546B-961C-43F3-9EEF-5A7F0C90C15C}.Release|ARM.ActiveCfg = Release|Win32
		{8F77546B-961C-43F3-9EEF-5A7F0C90C15C}.Release|ARM64.ActiveCfg = Release|Win32
		{8F77546B-961C-43F3-9EEF-5A7F0C90C15C}.Release|x64.ActiveCfg = Release|x64
		{8F77546B-961C-43F3-9EEF-5A7F0C90C15C}.Release|x64.Build.0 = Release|x64
		{8F77546B-961C-43F3-9EEF-5A7F0C90C15C}.Release|x86.ActiveCfg = Release|Win32
		{8F77546B-961C-43F3-9EEF-5A7F0C90C15C}.Release|x86.Build.0 = Release|Win32
		{E6CFC555-FD20-41C6-BE51-193B625C8629}.Debug|ARM.ActiveCfg = Debug|x64
		{E6CFC555-FD20-41C6-BE51-193B625C8629}.Debug|ARM64.ActiveCfg = Debug|Win32
		{E6CFC555-FD20-41C6-BE51-193B625C8629}.Debug|x64.ActiveCfg = Debug|x64
		{E6CFC555-FD20-41C6-BE51-193B625C8629}.Debug|x64.Build.0 = Debug|x64
		{E6CFC555-FD20-41C6-BE51-193B625C8629}.Debug|x86.ActiveCfg = Debug|Win32
		{E6CFC555-FD20-41C6-BE51-193B625C8629}.Debug|x86.Build.0 = Debug|Win32
		{E6CFC555-FD20-41C6-BE51-193B625C8629}.Release|ARM.ActiveCfg = Release|Win32
		{E6CFC555-FD20-41C6-BE51-193B625C8629}.Release|ARM64.ActiveCfg = Release|Win32
		{E6CFC555-FD20-41C6-BE51-193B625C8629}.Release|x64.ActiveCfg = Release|x64
		{E6CFC555-FD20-41C6-BE51-193B625C8629}.Release|x64.Build.0 = Release|x64
		{E6CFC555-FD20-41C6-BE51-193B625C8629}.Release|x86.ActiveCfg = Release|Win32
		{E6CFC555-FD20-41C6-BE51-193B625C8629}.Release|x86.Build.0 = Release|Win32
		{41837D61-9ACB-4A51-B5DA-12642A1A3675}.Debug|ARM.ActiveCfg = Debug|x64
		{41837D61-9ACB-4A51-B5DA-12642A1A3675}.Debug|ARM64.ActiveCfg = Debug|Win32
		{41837D61-9ACB-4A51-B5DA-12642A1A3675}.Debug|x64.ActiveCfg = Debug|x64
		{41837D61-9ACB-4A51-B5DA-12642A1A3675}.Debug|x64.Build.0 = Debug|x64
		{41837D61-9ACB-4A51-B5DA-12642A1A3675}.Debug|x86.ActiveCfg = Debug|Win32
		{41837D61-9ACB-4A51-B5DA-12642A1A3675}.Debug|x86.Build.0 = Debug|Win32
		{41837D61-9ACB-4A51-B5DA-12642A1A3675}.Release|ARM.ActiveCfg = Release|Win32
		{41837D61-9ACB-4A51-B5DA-12642A1A3675}.Release|ARM64.ActiveCfg = Release|Win32
		{41837D61-9ACB-4A51-B5DA-12642A1A3675}.Release|x64.ActiveCfg = Release|x64
		{41837D61-9ACB-4A51-B5DA-12642A1A3675}.Release|x64.Build.0 = Release|x64
		{41837D61-9ACB-4A51-B5DA-12642A1A3675}.Release|x86.ActiveCfg = Release|Win32
		{41837D61-9ACB-4A51-B5DA-12642A1A3675}.Release|x86.Build.0 = Release|Win32
		{1025C659-2ACE-42C4-A6BD-F31DAEA5FF02}.Debug|ARM.ActiveCfg = Debug|x64
		{1025C659-2ACE-42C4-A6BD-F31DAEA5FF02}.Debug|ARM64.ActiveCfg = Debug|Win32
		{1025C659-2ACE-42C4-A6BD-F31DAEA5FF02}.Debug|x64.ActiveCfg = Debug|x64
		{1025C659-2ACE-42C4-A6BD-F31DAEA5FF02}.Debug|x64.Build.0 = Debug|x64
		{1025C659-2ACE-42C4-A6BD-F31DAEA5FF02}.Debug|x86.ActiveCfg = Debug|Win32
		{1025C659-2ACE-42C4-A6BD-F31DAEA5FF02}.Debug|x86.Build.0 = Debug|Win32
		{1025C659-2ACE-42C4-A6BD-F31DAEA5FF02}.Release|ARM.ActiveCfg = Release|Win32
		{1025C659-2ACE-42C4-A6BD-F31DAEA5FF02}.Release|ARM64.ActiveCfg = Release|Win32
		{1025C659-2ACE-42C4-A6BD-F31DAEA5FF02}.Release|x64.ActiveCfg = Release|x64
		{1025C659-2ACE-42C4-A6BD-F31DAEA5FF02}.Release|x64.Build.0 = Release|x64
		{1025C659-2ACE-42C4-A6BD-F31DAEA5FF02}.Release|x86.ActiveCfg = Release|Win32
		{1025C659-2ACE-42C4-A6BD-F31DAEA5FF02}.Release|x86.Build.0 = Release|Win32
		{44EE23D8-1998-4347-B196-E7A7C3009E8E}.Debug|ARM.ActiveCfg = Debug|x64
		{44EE23D8-1998-4347-B196-E7A7C3009E8E}.Debug|ARM64.ActiveCfg = Debug|Win32
		{44EE23D8-1998-4347-B196-E7A7C3009E8E}.Debug|x64.ActiveCfg = Debug|x64
		{44EE23D8-1998-4347-B196-E7A7C3009E8E}.Debug|x64.Build.0 = Debug|x64
		{44EE23D8-1998-4347-B196-E7A7C3009E8E}.Debug|x86.ActiveCfg = Debug|Win32
		{44EE23D8-1998-4347-B196-E7A7C3009E8E}.Debug|x86.Build.0 = Debug|Win32
		{44EE23D8-1998-4347-B196-E7A7C3009E8E}.Release|ARM.ActiveCfg = Release|Win32
		{44EE23D8-1998-4347-B196-E7A7C3009E8E}.Release|ARM64.ActiveCfg = Release|Win32
		{44EE23D8-1998-4347-B196-E7A7C3009E8E}.Release|x64.ActiveCfg = Release|x64
		{44EE23D8-1998-4347-B196-E7A7C3009E8E}.Release|x64.Build.0 = Release|x64
		{44EE23D8-1998-4347-B196-E7A7C3009E8E}.Release|x86.ActiveCfg = Release|Win32
		{44EE23D8-1998-4347-B196-E7A7C3009E8E}.Release|x86.Build.0 = Release|Win32
		{67846940-1AB9-4DD7-BDFD-42481FCB6808}.Debug|ARM.ActiveCfg = Debug|x64
		{67846940-1AB9-4DD7-BDFD-42481FCB6808}.Debug|ARM64.ActiveCfg = Debug|Win32
		{67846940-1AB9-4DD7-BDFD-42481FCB6808}.Debug|x64.ActiveCfg = Debug|x64
		{67846940-1AB9-4DD7-BDFD-42481FCB6808}.Debug|x64.Build.0 = Debug|x64
		{67846940-1AB9-4DD7-BDFD-42481FCB6808}.Debug|x86.ActiveCfg = Debug|Win32
		{67846940-1AB9-4DD7-BDFD-42481FCB6808}.Debug|x86.Build.0 = Debug|Win32
		{67846940-1AB9-4DD7-BDFD-42481FCB6808}.Release|ARM.ActiveCfg = Release|Win32
		{67846940-1AB9-4DD7-BDFD-42481FCB6808}.Release|ARM64.ActiveCfg = Release|Win32
		{67846940-1AB9-4DD7-BDFD-42481FCB6808}.Release|x64.ActiveCfg = Release|x64
		{67846940-1AB9-4DD7-BDFD-42481FCB6808}.Release|x64.Build.0 = Release|x64
		{67846940-1AB9-4DD7-BDFD-42481FCB6808}.Release|x86.ActiveCfg = Release|Win32
		{67846940-1AB9-4DD7-BDFD-42481FCB6808}.Release|x86.Build.0 = Release|Win32
		{3FB17FCA-0B7A-4835-A84C-29A36456EA3E}.Debug|ARM.ActiveCfg = Debug|Win32
		{3FB17FCA-0B7A-4835-A84C-29A36456EA3E}.Debug|ARM64.ActiveCfg = Debug|Win32
		{3FB17FCA-0B7A-4835-A84C-29A36456EA3E}.Debug|x64.ActiveCfg = Debug|x64
		{3FB17FCA-0B7A-4835-A84C-29A36456EA3E}.Debug|x64.Build.0 = Debug|x64
		{3FB17FCA-0B7A-4835-A84C-29A36456EA3E}.Debug|x86.ActiveCfg = Debug|Win32
		{3FB17FCA-0B7A-4835-A84C-29A36456EA3E}.Debug|x86.Build.0 = Debug|Win32
		{3FB17FCA-0B7A-4835-A84C-29A36456EA3E}.Release|ARM.ActiveCfg = Release|Win32
		{3FB17FCA-0B7A-4835-A84C-29A36456EA3E}.Release|ARM64.ActiveCfg = Release|Win32
		{3FB17FCA-0B7A-4835-A84C-29A36456EA3E}.Release|x64.ActiveCfg = Release|x64
		{3FB17FCA-0B7A-4835-A84C-29A36456EA3E}.Release|x64.Build.0 = Release|x64
		{3FB17FCA-0B7A-4835-A84C-29A36456EA3E}.Release|x86.ActiveCfg = Release|Win32
		{3FB17FCA-0B7A-4835-A84C-29A36456EA3E}.Release|x86.Build.0 = Release|Win32
		{8001E66D-FF41-46F8-97DE-50A7F438D741}.Debug|ARM.ActiveCfg = Debug|Win32
		{8001E66D-FF41-46F8-97DE-50A7F438D741}.Debug|ARM64.ActiveCfg = Debug|Win32
		{8001E66D-FF41-46F8-97DE-50A7F438D741}.Debug|x64.ActiveCfg = Debug|x64
		{8001E66D-FF41-46F8-97DE-50A7F438D741}.Debug|x64.Build.0 = Debug|x64
		{8001E66D-FF41-46F8-97DE-50A7F438D741}.Debug|x86.ActiveCfg = Debug|Win32
		{8001E66D-FF41-46F8-97DE-50A7F438D741}.Debug|x86.Build.0 = Debug|Win32
		{8001E66D-FF41-46F8-97DE-50A7F438D741}.Release|ARM.ActiveCfg = Release|Win32
		{8001E66D-FF41-46F8-97DE-50A7F438D741}.Release|ARM64.ActiveCfg = Release|Win32
		{8001E66D-FF41-46F8-97DE-50A7F438D741}.Release|x64.ActiveCfg = Release|x64
		{8001E66D-FF41-46F8-97DE-50A7F438D741}.Release|x64.Build.0 = Release|x64
		{8001E66D-FF41-46F8-97DE-50A7F438D741}.Release|x86.ActiveCfg = Release|Win32
		{8001E66D-FF41-46F8-97DE-50A7F438D741}.Release|x86.Build.0 = Release|Win32
		{741503FC-4320-4A5B-B165-AA4BF6C5F333}.Debug|ARM.ActiveCfg = Debug|Win32
		{741503FC-4320-4A5B-B165-AA4BF6C5F333}.Debug|ARM64.ActiveCfg = Debug|Win32
		{741503FC-4320-4A5B-B165-AA4BF6C5F333}.Debug|x64.ActiveCfg = Debug|x64
		{741503FC-4320-4A5B-B165-AA4BF6C5F333}.Debug|x64.Build.0 = Debug|x64
		{741503FC-4320-4A5B-B165-AA4BF6C5F333}.Debug|x86.ActiveCfg = Debug|Win32
		{741503FC-4320-4A5B-B165-AA4BF6C5F333}.Debug|x86.Build.0 = Debug|Win32
		{741503FC-4320-4A5B-B165-AA4BF6C5F333}.Release|ARM.ActiveCfg = Release|Win32
		{741503FC-4320-4A5B-B165-AA4BF6C5F333}.Release|ARM64.ActiveCfg = Release|Win32
		{741503FC-4320-4A5B-B165-AA4BF6C5F333}.Release|x64.ActiveCfg = Release|x64
		{741503FC-4320-4A5B-B165-AA4BF6C5F333}.Release|x64.Build.0 = Release|x64
		{741503FC-4320-4A5B-B165-AA4BF6C5F333}.Release|x86.ActiveCfg = Release|Win32
		{741503FC-4320-4A5B-B165-AA4BF6C5F333}.Release|x86.Build.0 = Release|Win32
		{84FB2FF4-D445-4E8B-8CC8-3A65F487FF6D}.Debug|ARM.ActiveCfg = Debug|Win32
		{84FB2FF4-D445-4E8B-8CC8-3A65F487FF6D}.Debug|ARM64.ActiveCfg = Debug|Win32
		{84FB2FF4-D445-4E8B-8CC8-3A65F487FF6D}.Debug|x64.ActiveCfg = Debug|x64
		{84FB2FF4-D445-4E8B-8CC8-3A65F487FF6D}.Debug|x64.Build.0 = Debug|x64
		{84FB2FF4-D445-4E8B-8CC8-3A65F487FF6D}.Debug|x86.ActiveCfg = Debug|Win32
		{84FB2FF4-D445-4E8B-8CC8-3A65F487FF6D}.Debug|x86.Build.0 = Debug|Win32
		{84FB2FF4-D445-4E8B-8CC8-3A65F487FF6D}.Release|ARM.ActiveCfg = Release|Win32
		{84FB2FF4-D445-4E8B-8CC8-3A65F487FF6D}.Release|ARM64.ActiveCfg = Release|Win32
		{84FB2FF4-D445-4E8B-8CC8-3A65F487FF6D}.Release|x64.ActiveCfg = Release|x64
		{84FB2FF4-D445-4E8B-8CC8-3A65F487FF6D}.Release|x64.Build.0 = Release|x64
		{84FB2FF4-D445-4E8B-8CC8-3A65F487FF6D}.Release|x86.ActiveCfg = Release|Win32
		{84FB2FF4-D445-4E8B-8CC8-3A65F487FF6D}.Release|x86.Build.0 = Release|Win32
		{40385D93-F630-4735-8185-F6955B7800B6}.Debug|ARM.ActiveCfg = Debug|Win32
		{40385D93-F630-4735-8185-F6955B7800B6}.Debug|ARM64.ActiveCfg = Debug|Win32
		{40385D93-F630-4735-8185-F6955B7800B6}.Debug|x64.ActiveCfg = Debug|x64
		{40385D93-F630-4735-8185-F6955B7800B6}.Debug|x64.Build.0 = Debug|x64
		{40385D93-F630-4735-8185-F6955B7800B6}.Debug|x86.ActiveCfg = Debug|Win32
		{40385D93-F630-4735-8185-F6955B7800B6}.Debug|x86.Build.0 = Debug|Win32
		{40385D93-F630-4735-8185-F6955B7800B6}.Release|ARM.ActiveCfg = Release|Win32
		{40385D93-F630-4735-8185-F6955B7800B6}.Release|ARM64.ActiveCfg = Release|Win32
		{40385D93-F630-4735-8185-F6955B7800B6}.Release|x64.ActiveCfg = Release|x64
		{40385D93-F630-4735-8185-F6955B7800B6}.Release|x64.Build.0 = Release|x64
		{40385D93-F630-4735-8185-F6955B7800B6}.Release|x86.ActiveCfg = Release|Win32
		{40385D93-F630-4735-8185-F6955B7800B6}.Release|x86.Build.0 = Release|Win32
		{C90AF616-923E-486F-BD3C-0473C139CDBE}.Debug|ARM.ActiveCfg = Debug|Win32
		{C90AF616-923E-486F-BD3C-0473C139CDBE}.Debug|ARM64.ActiveCfg = Debug|Win32
		{C90AF616-923E-486F-BD3C-0473C139CDBE}.Debug|x64.ActiveCfg = Debug|x64
		{C90AF616-923E-486F-BD3C-0473C139CDBE}.Debug|x64.Build.0 = Debug|x64
		{C90AF616-923E-486F-BD3C-0473C139CDBE}.Debug|x86.ActiveCfg = Debug|Win32
		{C90AF616-923E-486F-BD3C-0473C139CDBE}.Debug|x86.Build.0 = Debug|Win32
		{C90AF616-923E-486F-BD3C-0473C139CDBE}.Release|ARM.ActiveCfg = Release|Win32
		{C90AF616-923E-486F-BD3C-0473C139CDBE}.Release|ARM64.ActiveCfg = Release|Win32
		{C90AF616-923E-486F-BD3C-0473C139CDBE}.Release|x64.ActiveCfg = Release|x64
		{C90AF616-923E-486F-BD3C-0473C139CDBE}.Release|x64.Build.0 = Release|x64
		{C90AF616-923E-486F-BD3C-0473C139CDBE}.Release|x86.ActiveCfg = Release|Win32
		{C90AF616-923E-486F-BD3C-0473C139CDBE}.Release|x86.Build.0 = Release|Win32
		{BB2C8312-3676-41FE-93AB-5544B49F6318}.Debug|ARM.ActiveCfg = Debug|Win32
		{BB2C8312-3676-41FE-93AB-5544B49F6318}.Debug|ARM64.ActiveCfg = Debug|Win32
		{BB2C8312-3676-41FE-93AB-5544B49F6318}.Debug|x64.ActiveCfg = Debug|x64
		{BB2C8312-3676-41FE-93AB-5544B49F6318}.Debug|x64.Build.0 = Debug|x64
		{BB2C8312-3676-41FE-93AB-5544B49F6318}.Debug|x86.ActiveCfg = Debug|Win32
		{BB2C8312-3676-41FE-93AB-5544B49F6318}.Debug|x86.Build.0 = Debug|Win32
		{BB2C8312-3676-41FE-93AB-5544B49F6318}.Release|ARM.ActiveCfg = Release|Win32
		{BB2C8312-3676-41FE-93AB-5544B49F6318}.Release|ARM64.ActiveCfg = Release|Win32
		{BB2C8312-3676-41FE-93AB-5544B49F6318}.Release|x64.ActiveCfg = Release|x64
		{BB2C8312-3676-41FE-93AB-5544B49F6318}.Release|x64.Build.0 = Release|x64
		{BB2C8312-3676-41FE-93AB-5544B49F6318}.Release|x86.ActiveCfg = Release|Win32
		{BB2C8312-3676-41FE-93AB-5544B49F6318}.Release|x86.Build.0 = Release|Win32
		{E4670547-4942-4E6E-A32E-F0C86E51910C}.Debug|ARM.ActiveCfg = Debug|Win32
		{E4670547-4942-4E6E-A32E-F0C86E51910C}.Debug|ARM64.ActiveCfg = Debug|Win32
		{E4670547-4942-4E6E-A32E-F0C86E51910C}.Debug|x64.ActiveCfg = Debug|x64
		{E4670547-4942-4E6E-A32E-F0C86E51910C}.Debug|x64.Build.0 = Debug|x64
		{E4670547-4942-4E6E-A32E-F0C86E51910C}.Debug|x86.ActiveCfg = Debug|Win32
		{E4670547-4942-4E6E-A32E-F0C86E51910C}.Debug|x86.Build.0 = Debug|Win32
		{E4670547-4942-4E6E-A32E-F0C86E51910C}.Release|ARM.ActiveCfg = Release|Win32
		{E4670547-4942-4E6E-A32E-F0C86E51910C}.Release|ARM64.ActiveCfg = Release|Win32
		{E4670547-4942-4E6E-A32E-F0C86E51910C}.Release|x64.ActiveCfg = Release|x64
		{E4670547-4942-4E6E-A32E-F0C86E51910C}.Release|x64.Build.0 = Release|x64
		{E4670547-4942-4E6E-A32E-F0C86E51910C}.Release|x86.ActiveCfg = Release|Win32
		{E4670547-4942-4E6E-A32E-F0C86E51910C}.Release|x86.Build.0 = Release|Win32
		{D81B2F9D-1B3D-4D66-943A-EEC5008B268C}.Debug|ARM.ActiveCfg = Debug|Win32
		{D81B2F9D-1B3D-4D66-943A-EEC5008B268C}.Debug|ARM64.ActiveCfg = Debug|Win32
		{D81B2F9D-1B3D-4D66-943A-EEC5008B268C}.Debug|x64.ActiveCfg = Debug|x64
		{D81B2F9D-1B3D-4D66-943A-EEC5008B268C}.Debug|x64.Build.0 = Debug|x64
		{D81B2F9D-1B3D-4D66-943A-EEC5008B268C}.Debug|x86.ActiveCfg = Debug|Win32
		{D81B2F9D-1B3D-4D66-943A-EEC5008B268C}.Debug|x86.Build.0 = Debug|Win32
		{D81B2F9D-1B3D-4D66-943A-EEC5008B268C}.Release|ARM.ActiveCfg = Release|Win32
		{D81B2F9D-1B3D-4D66-943A-EEC5008B268C}.Release|ARM64.ActiveCfg = Release|Win32
		{D81B2F9D-1B3D-4D66-943A-EEC5008B268C}.Release|x64.ActiveCfg = Release|x64
		{D81B2F9D-1B3D-4D66-943A-EEC5008B268C}.Release|x64.Build.0 = Release|x64
		{D81B2F9D-1B3D-4D66-943A-EEC5008B268C}.Release|x86.ActiveCfg = Release|Win32
		{D81B2F9D-1B3D-4D66-943A-EEC5008B268C}.Release|x86.Build.0 = Release|Win32
		{80C4E763-C0C7-4E02-BA62-945A973D575C}.Debug|ARM.ActiveCfg = Debug|Win32
		{80C4E763-C0C7-4E02-BA62-945A973D575C}.Debug|ARM64.ActiveCfg = Debug|Win32
		{80C4E763-C0C7-4E02-BA62-945A973D575C}.Debug|x64.ActiveCfg = Debug|x64
		{80C4E763-C0C7-4E02-BA62-945A973D575C}.Debug|x64.Build.0 = Debug|x64
		{80C4E763-C0C7-4E02-BA62-945A973D575C}.Debug|x86.ActiveCfg = Debug|Win32
		{80C4E763-C0C7-4E02-BA62-945A973D575C}.Debug|x86.Build.0 = Debug|Win32
		{80C4E763-C0C7-4E02-BA62-945A973D575C}.Release|ARM.ActiveCfg = Release|Win32
		{80C4E763-C0C7-4E02-BA62-945A973D575C}.Release|ARM64.ActiveCfg = Release|Win32
		{80C4E763-C0C7-4E02-BA62-945A973D575C}.Release|x64.ActiveCfg = Release|x64
		{80C4E763-C0C7-4E02-BA62-945A973D575C}.Release|x64.Build.0 = Release|x64
		{80C4E763-C0C7-4E02-BA62-945A973D575C}.Release|x86.ActiveCfg = Release|Win32
		{80C4E763-C0C7-4E02-BA62-945A973D575C}.Release|x86.Build.0 = Release|Win32
		{8FF5BE60-ABEF-43C9-A6AA-0D6D161E43FB}.Debug|ARM.ActiveCfg = Debug|Win32
		{8FF5BE60-ABEF-43C9-A6AA-0D6D161E43FB}.Debug|ARM64.ActiveCfg = Debug|Win32
		{8FF5BE60-ABEF-43C9-A6AA-0D6D161E43FB}.Debug|x64.ActiveCfg = Debug|x64
		{8FF5BE60-ABEF-43C9-A6AA-0D6D161E43FB}.Debug|x64.Build.0 = Debug|x64
		{8FF5BE60-ABEF-43C9-A6AA-0D6D161E43FB}.Debug|x86.ActiveCfg = Debug|Win32
		{8FF5BE60-ABEF-43C9-A6AA-0D6D161E43FB}.Debug|x86.Build.0 = Debug|Win32
		{8FF5BE60-ABEF-43C9-A6AA-0D6D161E43FB}.Release|ARM.ActiveCfg = Release|Win32
		{8FF5BE60-ABEF-43C9-A6AA-0D6D161E43FB}.Release|ARM64.ActiveCfg = Release|Win32
		{8FF5BE60-ABEF-43C9-A6AA-0D6D161E43FB}.Release|x64.ActiveCfg = Release|x64
		{8FF5BE60-ABEF-43C9-A6AA-0D6D161E43FB}.Release|x64.Build.0 = Release|x64
		{8FF5BE60-ABEF-43C9-A6AA-0D6D161E43FB}.Release|x86.ActiveCfg = Release|Win32
		{8FF5BE60-ABEF-43C9-A6AA-0D6D161E43FB}.Release|x86.Build.0 = Release|Win32
		{57C57EC2-43C1-4DB1-BF14-D5AAF82F2467}.Debug|ARM.ActiveCfg = Debug|Win32
		{57C57EC2-43C1-4DB1-BF14-D5AAF82F2467}.Debug|ARM64.ActiveCfg = Debug|Win32
		{57C57EC2-43C1-4DB1-BF14-D5AAF82F2467}.Debug|x64.ActiveCfg = Debug|x64
		{57C57EC2-43C1-4DB1-BF14-D5AAF82F2467}.Debug|x64.Build.0 = Debug|x64
		{57C57EC2-43C1-4DB1-BF14-D5AAF82F2467}.Debug|x86.ActiveCfg = Debug|Win32
		{57C57EC2-43C1-4DB1-BF14-D5AAF82F2467}.Debug|x86.Build.0 = Debug|Win32
		{57C57EC2-43C1-4DB1-BF14-D5AAF82F2467}.Release|ARM.ActiveCfg = Release|Win32
		{57C57EC2-43C1-4DB1-BF14-D5AAF82F2467}.Release|ARM64.ActiveCfg = Release|Win32
		{57C57EC2-43C1-4DB1-BF14-D5AAF82F2467}.Release|x64.ActiveCfg = Release|x64
		{57C57EC2-43C1-4DB1-BF14-D5AAF82F2467}.Release|x64.Build.0 = Release|x64
		{57C57EC2-43C1-4DB1-BF14-D5AAF82F2467}.Release|x86.ActiveCfg = Release|Win32
		{57C57EC2-43C1-4DB1-BF14-D5AAF82F2467}.Release|x86.Build.0 = Release|Win32
		{92DC3B04-F5AA-4E8A-A034-FA5426B8322B}.Debug|ARM.ActiveCfg = Debug|Win32
		{92DC3B04-F5AA-4E8A-A034-FA5426B8322B}.Debug|ARM64.ActiveCfg = Debug|Win32
		{92DC3B04-F5AA-4E8A-A034-FA5426B8322B}.Debug|x64.ActiveCfg = Debug|x64
		{92DC3B04-F5AA-4E8A-A034-FA5426B8322B}.Debug|x64.Build.0 = Debug|x64
		{92DC3B04-F5AA-4E8A-A034-FA5426B8322B}.Debug|x86.ActiveCfg = Debug|Win32
		{92DC3B04-F5AA-4E8A-A034-FA5426B8322B}.Debug|x86.Build.0 = Debug|Win32
		{92DC3B04-F5AA-4E8A-A034-FA5426B8322B}.Release|ARM.ActiveCfg = Release|Win32
		{92DC3B04-F5AA-4E8A-A034-FA5426B8322B}.Release|ARM64.ActiveCfg = Release|Win32
		{92DC3B04-F5AA-4E8A-A034-FA5426B8322B}.Release|x64.ActiveCfg = Release|x64
		{92DC3B04-F5AA-4E8A-A034-FA5426B8322B}.Release|x64.Build.0 = Release|x64
		{92DC3B04-F5AA-4E8A-A034-FA5426B8322B}.Release|x86.ActiveCfg = Release|Win32
		{92DC3B04-F5AA-4E8A-A034-FA5426B8322B}.Release|x86.Build.0 = Release|Win32
		{962D3486-D7D8-4796-8810-5C1AC14E6BD2}.Debug|ARM.ActiveCfg = Debug|Win32
		{962D3486-D7D8-4796-8810-5C1AC14E6BD2}.Debug|ARM64.ActiveCfg = Debug|Win32
		{962D3486-D7D8-4796-8810-5C1AC14E6BD2}.Debug|x64.ActiveCfg = Debug|x64
		{962D3486-D7D8-4796-8810-5C1AC14E6BD2}.Debug|x64.Build.0 = Debug|x64
		{962D3486-D7D8-4796-8810-5C1AC14E6BD2}.Debug|x86.ActiveCfg = Debug|Win32
		{962D3486-D7D8-4796-8810-5C1AC14E6BD2}.Debug|x86.Build.0 = Debug|Win32
		{962D3486-D7D8-4796-8810-5C1AC14E6BD2}.Release|ARM.ActiveCfg = Release|Win32
		{962D3486-D7D8-4796-8810-5C1AC14E6BD2}.Release|ARM64.ActiveCfg = Release|Win32
		{962D3486-D7D8-4796-8810-5C1AC14E6BD2}.Release|x64.ActiveCfg = Release|x64
		{962D3486-D7D8-4796-8810-5C1AC14E6BD2}.Release|x64.Build.0 = Release|x64
		{962D3486-D7D8-4796-8810-5C1AC14E6BD2}.Release|x86.ActiveCfg = Release|Win32
		{962D3486-D7D8-4796-8810-5C1AC14E6BD2}.Release|x86.Build.0 = Release|Win32
		{B60D2B90-4BF8-4D67-98D7-BD6BF9804BD6}.Debug|ARM.ActiveCfg = Debug|Win32
		{B60D2B90-4BF8-4D67-98D7-BD6BF9804BD6}.Debug|ARM64.ActiveCfg = Debug|Win32
		{B60D2B90-4BF8-4D67-98D7-BD6BF9804BD6}.Debug|x64.ActiveCfg = Debug|x64
		{B60D2B90-4BF8-4D67-98D7-BD6BF9804BD6}.Debug|x64.Build.0 = Debug|x64
		{B60D2B90-4BF8-4D67-98D7-BD6BF9804BD6}.Debug|x86.ActiveCfg = Debug|Win32
		{B60D2B90-4BF8-4D67-98D7-BD6BF9804BD6}.Debug|x86.Build.0 = Debug|Win32
		{B60D2B90-4BF8-4D67-98D7-BD6BF9804BD6}.Release|ARM.ActiveCfg = Release|Win32
		{B60D2B90-4BF8-4D67-98D7-BD6BF9804BD6}.Release|ARM64.ActiveCfg = Release|Win32
		{B60D2B90-4BF8-4D67-98D7-BD6BF9804BD6}.Release|x64.ActiveCfg = Release|x64
		{B60D2B90-4BF8-4D67-98D7-BD6BF9804BD6}.Release|x64.Build.0 = Release|x64
		{B60D2B90-4BF8-4D67-98D7-BD6BF9804BD6}.Release|x86.ActiveCfg = Release|Win32
		{B60D2B90-4BF8-4D67-98D7-BD6BF9804BD6}.Release|x86.Build.0 = Release|Win32
		{516524EA-C7ED-4D67-B88B-D81ADE68649A}.Debug|ARM.ActiveCfg = Debug|Win32
		{516524EA-C7ED-4D67-B88B-D81ADE68649A}.Debug|ARM64.ActiveCfg = Debug|Win32
		{516524EA-C7ED-4D67-B88B-D81ADE68649A}.Debug|x64.ActiveCfg = Debug|x64
		{516524EA-C7ED-4D67-B88B-D81ADE68649A}.Debug|x64.Build.0 = Debug|x64
		{516524EA-C7ED-4D67-B88B-D81ADE68649A}.Debug|x86.ActiveCfg = Debug|Win32
		{516524EA-C7ED-4D67-B88B-D81ADE68649A}.Debug|x86.Build.0 = Debug|Win32
		{516524EA-C7ED-4D67-B88B-D81ADE68649A}.Release|ARM.ActiveCfg = Release|Win32
		{516524EA-C7ED-4D67-B88B-D81ADE68649A}.Release|ARM64.ActiveCfg = Release|Win32
		{516524EA-C7ED-4D67-B88B-D81ADE68649A}.Release|x64.ActiveCfg = Release|x64
		{516524EA-C7ED-4D67-B88B-D81ADE68649A}.Release|x64.Build.0 = Release|x64
		{516524EA-C7ED-4D67-B88B-D81ADE68649A}.Release|x86.ActiveCfg = Release|Win32
		{516524EA-C7ED-4D67-B88B-D81ADE68649A}.Release|x86.Build.0 = Release|Win32
		{E32F0525-DA8A-44EF-9AB8-5677C48FE9CB}.Debug|ARM.ActiveCfg = Debug|Win32
		{E32F0525-DA8A-44EF-9AB8-5677C48FE9CB}.Debug|ARM64.ActiveCfg = Debug|Win32
		{E32F0525-DA8A-44EF-9AB8-5677C48FE9CB}.Debug|x64.ActiveCfg = Debug|x64
		{E32F0525-DA8A-44EF-9AB8-5677C48FE9CB}.Debug|x64.Build.0 = Debug|x64
		{E32F0525-DA8A-44EF-9AB8-5677C48FE9CB}.Debug|x86.ActiveCfg = Debug|Win32
		{E32F0525-DA8A-44EF-9AB8-5677C48FE9CB}.Debug|x86.Build.0 = Debug|Win32
		{E32F0525-DA8A-44EF-9AB8-5677C48FE9CB}.Release|ARM.ActiveCfg = Release|Win32
		{E32F0525-DA8A-44EF-9AB8-5677C48FE9CB}.Release|ARM64.ActiveCfg = Release|Win32
		{E32F0525-DA8A-44EF-9AB8-5677C48FE9CB}.Release|x64.ActiveCfg = Release|x64
		{E32F0525-DA8A-44EF-9AB8-5677C48FE9CB}.Release|x64.Build.0 = Release|x64
		{E32F0525-DA8A-44EF-9AB8-5677C48FE9CB}.Release|x86.ActiveCfg = Release|Win32
		{E32F0525-DA8A-44EF-9AB8-5677C48FE9CB}.Release|x86.Build.0 = Release|Win32
		{92CB84A1-2CE8-4226-B2DD-06067AB7A875}.Debug|ARM.ActiveCfg = Debug|Win32
		{92CB84A1-2CE8-4226-B2DD-06067AB7A875}.Debug|ARM64.ActiveCfg = Debug|Win32
		{92CB84A1-2CE8-4226-B2DD-06067AB7A875}.Debug|x64.ActiveCfg = Debug|x64
		{92CB84A1-2CE8-4226-B2DD-06067AB7A875}.Debug|x64.Build.0 = Debug|x64
		{92CB84A1-2CE8-4226-B2DD-06067AB7A875}.Debug|x86.ActiveCfg = Debug|Win32
		{92CB84A1-2CE8-4226-B2DD-06067AB7A875}.Debug|x86.Build.0 = Debug|Win32
		{92CB84A1-2CE8-4226-B2DD-06067AB7A875}.Release|ARM.ActiveCfg = Release|Win32
		{92CB84A1-2CE8-4226-B2DD-06067AB7A875}.Release|ARM64.ActiveCfg = Release|Win32
		{92CB84A1-2CE8-4226-B2DD-06067AB7A875}.Release|x64.ActiveCfg = Release|x64
		{92CB84A1-2CE8-4226-B2DD-06067AB7A875}.Release|x64.Build.0 = Release|x64
		{92CB84A1-2CE8-4226-B2DD-06067AB7A875}.Release|x86.ActiveCfg = Release|Win32
		{92CB84A1-2CE8-4226-B2DD-06067AB7A875}.Release|x86.Build.0 = Release|Win32
		{4DDAF6A8-EDD6-4794-AC54-68571F0B9F5B}.Debug|ARM.ActiveCfg = Debug|Win32
		{4DDAF6A8-EDD6-4794-AC54-68571F0B9F5B}.Debug|ARM64.ActiveCfg = Debug|Win32
		{4DDAF6A8-EDD6-4794-AC54-68571F0B9F5B}.Debug|x64.ActiveCfg = Debug|x64
		{4DDAF6A8-EDD6-4794-AC54-68571F0B9F5B}.Debug|x64.Build.0 = Debug|x64
		{4DDAF6A8-EDD6-4794-AC54-68571F0B9F5B}.Debug|x86.ActiveCfg = Debug|Win32
		{4DDAF6A8-EDD6-4794-AC54-68571F0B9F5B}.Debug|x86.Build.0 = Debug|Win32
		{4DDAF6A8-EDD6-4794-AC54-68571F0B9F5B}.Release|ARM.ActiveCfg = Release|Win32
		{4DDAF6A8-EDD6-4794-AC54-68571F0B9F5B}.Release|ARM64.ActiveCfg = Release|Win32
		{4DDAF6A8-EDD6-4794-AC54-68571F0B9F5B}.Release|x64.ActiveCfg = Release|x64
		{4DDAF6A8-EDD6-4794-AC54-68571F0B9F5B}.Release|x64.Build.0 = Release|x64
		{4DDAF6A8-EDD6-4794-AC54-68571F0B9F5B}.Release|x86.ActiveCfg = Release|Win32
		{4DDAF6A8-EDD6-4794-AC54-68571F0B9F5B}.Release|x86.Build.0 = Release|Win32
		{72A3FFEF-02B0-4402-99EC-D8DD7D9D7A27}.Debug|ARM.ActiveCfg = Debug|Win32
		{72A3FFEF-02B0-4402-99EC-D8DD7D9D7A27}.Debug|ARM64.ActiveCfg = Debug|Win32
		{72A3FFEF-02B0-4402-99EC-D8DD7D9D7A27}.Debug|x64.ActiveCfg = Debug|x64
		{72A3FFEF-02B0-4402-99EC-D8DD7D9D7A27}.Debug|x64.Build.0 = Debug|x64
		{72A3FFEF-02B0-4402-99EC-D8DD7D9D7A27}.Debug|x86.ActiveCfg = Debug|Win32
		{72A3FFEF-02B0-4402-99EC-D8DD7D9D7A27}.Debug|x86.Build.0 = Debug|Win32
		{72A3FFEF-02B0-4402-99EC-D8DD7D9D7A27}.Release|ARM.ActiveCfg = Release|Win32
		{72A3FFEF-02B0-4402-99EC-D8DD7D9D7A27}.Release|ARM64.ActiveCfg = Release|Win32
		{72A3FFEF-02B0-4402-99EC-D8DD7D9D7A27}.Release|x64.ActiveCfg = Release|x64
		{72A3FFEF-02B0-4402-99EC-D8DD7D9D7A27}.Release|x64.Build.0 = Release|x64
		{72A3FFEF-02B0-4402-99EC-D8DD7D9D7A27}.Release|x86.ActiveCfg = Release|Win32
		{72A3FFEF-02B0-4402-99EC-D8DD7D9D7A27}.Release|x86.Build.0 = Release|Win32
		{5427E82E-DB17-4E44-B538-C54D9E64C7D2}.Debug|ARM.ActiveCfg = Debug|Win32
		{5427E82E-DB17-4E44-B538-C54D9E64C7D2}.Debug|ARM64.ActiveCfg = Debug|Win32
		{5427E82E-DB17-4E44-B538-C54D9E64C7D2}.Debug|x64.ActiveCfg = Debug|x64
		{5427E82E-DB17-4E44-B538-C54D9E64C7D2}.Debug|x64.Build.0 = Debug|x64
		{5427E82E-DB17-4E44-B538-C54D9E64C7D2}.Debug|x86.ActiveCfg = Debug|Win32
		{5427E82E-DB17-4E44-B538-C54D9E64C7D2}.Debug|x86.Build.0 = Debug|Win32
		{5427E82E-DB17-4E44-B538-C54D9E64C7D2}.Release|ARM.ActiveCfg = Release|Win32
		{5427E82E-DB17-4E44-B538-C54D9E64C7D2}.Release|ARM64.ActiveCfg = Release|Win32
		{5427E82E-DB17-4E44-B538-C54D9E64C7D2}.Release|x64.ActiveCfg = Release|x64
		{5427E82E-DB17-4E44-B538-C54D9E64C7D2}.Release|x64.Build.0 = Release|x64
		{5427E82E-DB17-4E44-B538-C54D9E64C7D2}.Release|x86.ActiveCfg = Release|Win32
		{5427E82E-DB17-4E44-B538-C54D9E64C7D2}.Release|x86.Build.0 = Release|Win32
		{A098D51A-956A-4B80-A964-748797499550}.Debug|ARM.ActiveCfg = Debug|Win32
		{A098D51A-956A-4B80-A964-748797499550}.Debug|ARM64.ActiveCfg = Debug|Win32
		{A098D51A-956A-4B80-A964-748797499550}.Debug|x64.ActiveCfg = Debug|x64
		{A098D51A-956A-4B80-A964-748797499550}.Debug|x64.Build.0 = Debug|x64
		{A098D51A-956A-4B80-A964-748797499550}.Debug|x86.ActiveCfg = Debug|Win32
		{A098D51A-956A-4B80-A964-748797499550}.Debug|x86.Build.0 = Debug|Win32
		{A098D51A-956A-4B80-A964-748797499550}.Release|ARM.ActiveCfg = Release|Win32
		{A098D51A-956A-4B80-A964-748797499550}.Release|ARM64.ActiveCfg = Release|Win32
		{A098D51A-956A-4B80-A964-748797499550}.Release|x64.ActiveCfg = Release|x64
		{A098D51A-956A-4B80-A964-748797499550}.Release|x64.Build.0 = Release|x64
		{A098D51A-956A-4B80-A964-748797499550}.Release|x86.ActiveCfg = Release|Win32
		{A098D51A-956A-4B80-A964-748797499550}.Release|x86.Build.0 = Release|Win32
		{7569BF5C-4979-444A-800E-4B0782555860}.Debug|ARM.ActiveCfg = Debug|Win32
		{7569BF5C-4979-444A-800E-4B0782555860}.Debug|ARM64.ActiveCfg = Debug|Win32
		{7569BF5C-4979-444A-800E-4B0782555860}.Debug|x64.ActiveCfg = Debug|x64
		{7569BF5C-4979-444A-800E-4B0782555860}.Debug|x64.Build.0 = Debug|x64
		{7569BF5C-4979-444A-800E-4B0782555860}.Debug|x86.ActiveCfg = Debug|Win32
		{7569BF5C-4979-444A-800E-4B0782555860}.Debug|x86.Build.0 = Debug|Win32
		{7569BF5C-4979-444A-800E-4B0782555860}.Release|ARM.ActiveCfg = Release|Win32
		{7569BF5C-4979-444A-800E-4B0782555860}.Release|ARM64.ActiveCfg = Release|Win32
		{7569BF5C-4979-444A-800E-4B0782555860}.Release|x64.ActiveCfg = Release|x64
		{7569BF5C-4979-444A-800E-4B0782555860}.Release|x64.Build.0 = Release|x64
		{7569BF5C-4979-444A-800E-4B0782555860}.Release|x86.ActiveCfg = Release|Win32
		{7569BF5C-4979-444A-800E-4B0782555860}.Release|x86.Build.0 = Release|Win32
		{1DDC162C-A533-4881-91D5-44943034D6ED}.Debug|ARM.ActiveCfg = Debug|Win32
		{1DDC162C-A533-4881-91D5-44943034D6ED}.Debug|ARM64.ActiveCfg = Debug|Win32
		{1DDC162C-A533-4881-91D5-44943034D6ED}.Debug|x64.ActiveCfg = Debug|x64
		{1DDC162C-A533-4881-91D5-44943034D6ED}.Debug|x64.Build.0 = Debug|x64
		{1DDC162C-A533-4881-91D5-44943034D6ED}.Debug|x86.ActiveCfg = Debug|Win32
		{1DDC162C-A533-4881-91D5-44943034D6ED}.Debug|x86.Build.0 = Debug|Win32
		{1DDC162C-A533-4881-91D5-44943034D6ED}.Release|ARM.ActiveCfg = Release|Win32
		{1DDC162C-A533-4881-91D5-44943034D6ED}.Release|ARM64.ActiveCfg = Release|Win32
		{1DDC162C-A533-4881-91D5-44943034D6ED}.Release|x64.ActiveCfg = Release|x64
		{1DDC162C-A533-4881-91D5-44943034D6ED}.Release|x64.Build.0 = Release|x64
		{1DDC162C-A533-4881-91D5-44943034D6ED}.Release|x86.ActiveCfg = Release|Win32
		{1DDC162C-A533-4881-91D5-44943034D6ED}.Release|x86.Build.0 = Release|Win32
		{4F3BAD40-B270-4295-B4EF-575A6D3B6B5E}.Debug|ARM.ActiveCfg = Debug|Win32
		{4F3BAD40-B270-4295-B4EF-575A6D3B6B5E}.Debug|ARM64.ActiveCfg = Debug|Win32
		{4F3BAD40-B270-4295-B4EF-575A6D3B6B5E}.Debug|x64.ActiveCfg = Debug|x64
		{4F3BAD40-B270-4295-B4EF-575A6D3B6B5E}.Debug|x64.Build.0 = Debug|x64
		{4F3BAD40-B270-4295-B4EF-575A6D3B6B5E}.Debug|x86.ActiveCfg = Debug|Win32
		{4F3BAD40-B270-4295-B4EF-575A6D3B6B5E}.Debug|x86.Build.0 = Debug|Win32
		{4F3BAD40-B270-4295-B4EF-575A6D3B6B5E}.Release|ARM.ActiveCfg = Release|Win32
		{4F3BAD40-B270-4295-B4EF-575A6D3B6B5E}.Release|ARM64.ActiveCfg = Release|Win32
		{4F3BAD40-B270-4295-B4EF-575A6D3B6B5E}.Release|x64.ActiveCfg = Release|x64
		{4F3BAD40-B270-4295-B4EF-575A6D3B6B5E}.Release|x64.Build.0 = Release|x64
		{4F3BAD40-B270-4295-B4EF-575A6D3B6B5E}.Release|x86.ActiveCfg = Release|Win32
		{4F3BAD40-B270-4295-B4EF-575A6D3B6B5E}.Release|x86.Build.0 = Release|Win32
		{76016396-4D5B-4BC5-B48C-BB8875A343C7}.Debug|ARM.ActiveCfg = Debug|Win32
		{76016396-4D5B-4BC5-B48C-BB8875A343C7}.Debug|ARM64.ActiveCfg = Debug|Win32
		{76016396-4D5B-4BC5-B48C-BB8875A343C7}.Debug|x64.ActiveCfg = Debug|x64
		{76016396-4D5B-4BC5-B48C-BB8875A343C7}.Debug|x64.Build.0 = Debug|x64
		{76016396-4D5B-4BC5-B48C-BB8875A343C7}.Debug|x86.ActiveCfg = Debug|Win32
		{76016396-4D5B-4BC5-B48C-BB8875A343C7}.Debug|x86.Build.0 = Debug|Win32
		{76016396-4D5B-4BC5-B48C-BB8875A343C7}.Release|ARM.ActiveCfg = Release|Win32
		{76016396-4D5B-4BC5-B48C-BB8875A343C7}.Release|ARM64.ActiveCfg = Release|Win32
		{76016396-4D5B-4BC5-B48C-BB8875A343C7}.Release|x64.ActiveCfg = Release|x64
		{76016396-4D5B-4BC5-B48C-BB8875A343C7}.Release|x64.Build.0 = Release|x64
		{76016396-4D5B-4BC5-B48C-BB8875A343C7}.Release|x86.ActiveCfg = Release|Win32
		{76016396-4D5B-4BC5-B48C-BB8875A343C7}.Release|x86.Build.0 = Release|Win32
		{5A571C9B-AE21-4694-BDA4-28AA8FE6DF96}.Debug|ARM.ActiveCfg = Debug|Win32
		{5A571C9B-AE21-4694-BDA4-28AA8FE6DF96}.Debug|ARM64.ActiveCfg = Debug|Win32
		{5A571C9B-AE21-4694-BDA4-28AA8FE6DF96}.Debug|x64.ActiveCfg = Debug|x64
		{5A571C9B-AE21-4694-BDA4-28AA8FE6DF96}.Debug|x64.Build.0 = Debug|x64
		{5A571C9B-AE21-4694-BDA4-28AA8FE6DF96}.Debug|x86.ActiveCfg = Debug|Win32
		{5A571C9B-AE21-4694-BDA4-28AA8FE6DF96}.Debug|x86.Build.0 = Debug|Win32
		{5A571C9B-AE21-4694-BDA4-28AA8FE6DF96}.Release|ARM.ActiveCfg = Release|Win32
		{5A571C9B-AE21-4694-BDA4-28AA8FE6DF96}.Release|ARM64.ActiveCfg = Release|Win32
		{5A571C9B-AE21-4694-BDA4-28AA8FE6DF96}.Release|x64.ActiveCfg = Release|x64
		{5A571C9B-AE21-4694-BDA4-28AA8FE6DF96}.Release|x64.Build.0 = Release|x64
		{5A571C9B-AE21-4694-BDA4-28AA8FE6DF96}.Release|x86.ActiveCfg = Release|Win32
		{5A571C9B-AE21-4694-BDA4-28AA8FE6DF96}.Release|x86.Build.0 = Release|Win32
		{C8CC7A11-FF11-46DF-A01B-D8FDAC9BBCCA}.Debug|ARM.ActiveCfg = Debug|Win32
		{C8CC7A11-FF11-46DF-A01B-D8FDAC9BBCCA}.Debug|ARM64.ActiveCfg = Debug|Win32
		{C8CC7A11-FF11-46DF-A01B-D8FDAC9BBCCA}.Debug|x64.ActiveCfg = Debug|x64
		{C8CC7A11-FF11-46DF-A01B-D8FDAC9BBCCA}.Debug|x64.Build.0 = Debug|x64
		{C8CC7A11-FF11-46DF-A01B-D8FDAC9BBCCA}.Debug|x86.ActiveCfg = Debug|Win32
		{C8CC7A11-FF11-46DF-A01B-D8FDAC9BBCCA}.Debug|x86.Build.0 = Debug|Win32
		{C8CC7A11-FF11-46DF-A01B-D8FDAC9BBCCA}.Release|ARM.ActiveCfg = Release|Win32
		{C8CC7A11-FF11-46DF-A01B-D8FDAC9BBCCA}.Release|ARM64.ActiveCfg = Release|Win32
		{C8CC7A11-FF11-46DF-A01B-D8FDAC9BBCCA}.Release|x64.ActiveCfg = Release|x64
		{C8CC7A11-FF11-46DF-A01B-D8FDAC9BBCCA}.Release|x64.Build.0 = Release|x64
		{C8CC7A11-FF11-46DF-A01B-D8FDAC9BBCCA}.Release|x86.ActiveCfg = Release|Win32
		{C8CC7A11-FF11-46DF-A01B-D8FDAC9BBCCA}.Release|x86.Build.0 = Release|Win32
		{442D49A6-C9F7-4BFA-AE1E-31A54E7EA285}.Debug|ARM.ActiveCfg = Debug|Win32
		{442D49A6-C9F7-4BFA-AE1E-31A54E7EA285}.Debug|ARM64.ActiveCfg = Debug|Win32
		{442D49A6-C9F7-4BFA-AE1E-31A54E7EA285}.Debug|x64.ActiveCfg = Debug|x64
		{442D49A6-C9F7-4BFA-AE1E-31A54E7EA285}.Debug|x64.Build.0 = Debug|x64
		{442D49A6-C9F7-4BFA-AE1E-31A54E7EA285}.Debug|x86.ActiveCfg = Debug|Win32
		{442D49A6-C9F7-4BFA-AE1E-31A54E7EA285}.Debug|x86.Build.0 = Debug|Win32
		{442D49A6-C9F7-4BFA-AE1E-31A54E7EA285}.Release|ARM.ActiveCfg = Release|Win32
		{442D49A6-C9F7-4BFA-AE1E-31A54E7EA285}.Release|ARM64.ActiveCfg = Release|Win32
		{442D49A6-C9F7-4BFA-AE1E-31A54E7EA285}.Release|x64.ActiveCfg = Release|x64
		{442D49A6-C9F7-4BFA-AE1E-31A54E7EA285}.Release|x64.Build.0 = Release|x64
		{442D49A6-C9F7-4BFA-AE1E-31A54E7EA285}.Release|x86.ActiveCfg = Release|Win32
		{442D49A6-C9F7-4BFA-AE1E-31A54E7EA285}.Release|x86.Build.0 = Release|Win32
		{9D98EFD2-9F19-4002-B16B-B6A9CBAA3E8A}.Debug|ARM.ActiveCfg = Debug|Win32
		{9D98EFD2-9F19-4002-B16B-B6A9CBAA3E8A}.Debug|ARM64.ActiveCfg = Debug|Win32
		{9D98EFD2-9F19-4002-B16B-B6A9CBAA3E8A}.Debug|x64.ActiveCfg = Debug|x64
		{9D98EFD2-9F19-4002-B16B-B6A9CBAA3E8A}.Debug|x64.Build.0 = Debug|x64
		{9D98EFD2-9F19-4002-B16B-B6A9CBAA3E8A}.Debug|x86.ActiveCfg = Debug|Win32
		{9D98EFD2-9F19-4002-B16B-B6A9CBAA3E8A}.Debug|x86.Build.0 = Debug|Win32
		{9D98EFD2-9F19-4002-B16B-B6A9CBAA3E8A}.Release|ARM.ActiveCfg = Release|Win32
		{9D98EFD2-9F19-4002-B16B-B6A9CBAA3E8A}.Release|ARM64.ActiveCfg = Release|Win32
		{9D98EFD2-9F19-4002-B16B-B6A9CBAA3E8A}.Release|x64.ActiveCfg = Release|x64
		{9D98EFD2-9F19-4002-B16B-B6A9CBAA3E8A}.Release|x64.Build.0 = Release|x64
		{9D98EFD2-9F19-4002-B16B-B6A9CBAA3E8A}.Release|x86.ActiveCfg = Release|Win32
		{9D98EFD2-9F19-4002-B16B-B6A9CBAA3E8A}.Release|x86.Build.0 = Release|Win32
		{BB7EA75D-C373-4A0E-927F-6DB00BAE8547}.Debug|ARM.ActiveCfg = Debug|Win32
		{BB7EA75D-C373-4A0E-927F-6DB00BAE8547}.Debug|ARM64.ActiveCfg = Debug|Win32
		{BB7EA75D-C373-4A0E-927F-6DB00BAE8547}.Debug|x64.ActiveCfg = Debug|x64
		{BB7EA75D-C373-4A0E-927F-6DB00BAE8547}.Debug|x64.Build.0 = Debug|x64
		{BB7EA75D-C373-4A0E-927F-6DB00BAE8547}.Debug|x86.ActiveCfg = Debug|Win32
		{BB7EA75D-C373-4A0E-927F-6DB00BAE8547}.Debug|x86.Build.0 = Debug|Win32
		{BB7EA75D-C373-4A0E-927F-6DB00BAE8547}.Release|ARM.ActiveCfg = Release|Win32
		{BB7EA75D-C373-4A0E-927F-6DB00BAE8547}.Release|ARM64.ActiveCfg = Release|Win32
		{BB7EA75D-C373-4A0E-927F-6DB00BAE8547}.Release|x64.ActiveCfg = Release|x64
		{BB7EA75D-C373-4A0E-927F-6DB00BAE8547}.Release|x64.Build.0 = Release|x64
		{BB7EA75D-C373-4A0E-927F-6DB00BAE8547}.Release|x86.ActiveCfg = Release|Win32
		{BB7EA75D-C373-4A0E-927F-6DB00BAE8547}.Release|x86.Build.0 = Release|Win32
		{171F7600-247B-488A-BDA3-626314528585}.Debug|ARM.ActiveCfg = Debug|Win32
		{171F7600-247B-488A-BDA3-626314528585}.Debug|ARM64.ActiveCfg = Debug|Win32
		{171F7600-247B-488A-BDA3-626314528585}.Debug|x64.ActiveCfg = Debug|x64
		{171F7600-247B-488A-BDA3-626314528585}.Debug|x64.Build.0 = Debug|x64
		{171F7600-247B-488A-BDA3-626314528585}.Debug|x86.ActiveCfg = Debug|Win32
		{171F7600-247B-488A-BDA3-626314528585}.Debug|x86.Build.0 = Debug|Win32
		{171F7600-247B-488A-BDA3-626314528585}.Release|ARM.ActiveCfg = Release|Win32
		{171F7600-247B-488A-BDA3-626314528585}.Release|ARM64.ActiveCfg = Release|Win32
		{171F7600-247B-488A-BDA3-626314528585}.Release|x64.ActiveCfg = Release|x64
		{171F7600-247B-488A-BDA3-626314528585}.Release|x64.Build.0 = Release|x64
		{171F7600-247B-488A-BDA3-626314528585}.Release|x86.ActiveCfg = Release|Win32
		{171F7600-247B-488A-BDA3-626314528585}.Release|x86.Build.0 = Release|Win32
		{F6FA4B7B-F500-48B2-B357-6677C324E193}.Debug|ARM.ActiveCfg = Debug|Win32
		{F6FA4B7B-F500-48B2-B357-6677C324E193}.Debug|ARM64.ActiveCfg = Debug|Win32
		{F6FA4B7B-F500-48B2-B357-6677C324E193}.Debug|x64.ActiveCfg = Debug|x64
		{F6FA4B7B-F500-48B2-B357-6677C324E193}.Debug|x64.Build.0 = Debug|x64
		{F6FA4B7B-F500-48B2-B357-6677C324E193}.Debug|x86.ActiveCfg = Debug|Win32
		{F6FA4B7B-F500-48B2-B357-6677C324E193}.Debug|x86.Build.0 = Debug|Win32
		{F6FA4B7B-F500-48B2-B357-6677C324E193}.Release|ARM.ActiveCfg = Release|Win32
		{F6FA4B7B-F500-48B2-B357-6677C324E193}.Release|ARM64.ActiveCfg = Release|Win32
		{F6FA4B7B-F500-48B2-B357-6677C324E193}.Release|x64.ActiveCfg = Release|x64
		{F6FA4B7B-F500-48B2-B357-6677C324E193}.Release|x64.Build.0 = Release|x64
		{F6FA4B7B-F500-48B2-B357-6677C324E193}.Release|x86.ActiveCfg = Release|Win32
		{F6FA4B7B-F500-48B2-B357-6677C324E193}.Release|x86.Build.0 = Release|Win32
		{046A45F7-7198-498A-8DC7-CA0B85741866}.Debug|ARM.ActiveCfg = Debug|Win32
		{046A45F7-7198-498A-8DC7-CA0B85741866}.Debug|ARM64.ActiveCfg = Debug|Win32
		{046A45F7-7198-498A-8DC7-CA0B85741866}.Debug|x64.ActiveCfg = Debug|x64
		{046A45F7-7198-498A-8DC7-CA0B85741866}.Debug|x64.Build.0 = Debug|x64
		{046A45F7-7198-498A-8DC7-CA0B85741866}.Debug|x86.ActiveCfg = Debug|Win32
		{046A45F7-7198-498A-8DC7-CA0B85741866}.Debug|x86.Build.0 = Debug|Win32
		{046A45F7-7198-498A-8DC7-CA0B85741866}.Release|ARM.ActiveCfg = Release|Win32
		{046A45F7-7198-498A-8DC7-CA0B85741866}.Release|ARM64.ActiveCfg = Release|Win32
		{046A45F7-7198-498A-8DC7-CA0B85741866}.Release|x64.ActiveCfg = Release|x64
		{046A45F7-7198-498A-8DC7-CA0B85741866}.Release|x64.Build.0 = Release|x64
		{046A45F7-7198-498A-8DC7-CA0B85741866}.Release|x86.ActiveCfg = Release|Win32
		{046A45F7-7198-498A-8DC7-CA0B85741866}.Release|x86.Build.0 = Release|Win32
		{9E59C5D5-2FAE-446F-A9C3-D48E7DA2A680}.Debug|ARM.ActiveCfg = Debug|Win32
		{9E59C5D5-2FAE-446F-A9C3-D48E7DA2A680}.Debug|ARM64.ActiveCfg = Debug|Win32
		{9E59C5D5-2FAE-446F-A9C3-D48E7DA2A680}.Debug|x64.ActiveCfg = Debug|x64
		{9E59C5D5-2FAE-446F-A9C3-D48E7DA2A680}.Debug|x64.Build.0 = Debug|x64
		{9E59C5D5-2FAE-446F-A9C3-D48E7DA2A680}.Debug|x86.ActiveCfg = Debug|Win32
		{9E59C5D5-2FAE-446F-A9C3-D48E7DA2A680}.Debug|x86.Build.0 = Debug|Win32
		{9E59C5D5-2FAE-446F-A9C3-D48E7DA2A680}.Release|ARM.ActiveCfg = Release|Win32
		{9E59C5D5-2FAE-446F-A9C3-D48E7DA2A680}.Release|ARM64.ActiveCfg = Release|Win32
		{9E59C5D5-2FAE-446F-A9C3-D48E7DA2A680}.Release|x64.ActiveCfg = Release|x64
		{9E59C5D5-2FAE-446F-A9C3-D48E7DA2A680}.Release|x64.Build.0 = Release|x64
		{9E59C5D5-2FAE-446F-A9C3-D48E7DA2A680}.Release|x86.ActiveCfg = Release|Win32
		{9E59C5D5-2FAE-446F-A9C3-D48E7DA2A680}.Release|x86.Build.0 = Release|Win32
		{7FD0C3D3-C599-4CCC-B170-920D650FFE02}.Debug|ARM.ActiveCfg = Debug|Win32
		{7FD0C3D3-C599-4CCC-B170-920D650FFE02}.Debug|ARM64.ActiveCfg = Debug|Win32
		{7FD0C3D3-C599-4CCC-B170-920D650FFE02}.Debug|x64.ActiveCfg = Debug|x64
		{7FD0C3D3-C599-4CCC-B170-920D650FFE02}.Debug|x64.Build.0 = Debug|x64
		{7FD0C3D3-C599-4CCC-B170-920D650FFE02}.Debug|x86.ActiveCfg = Debug|Win32
		{7FD0C3D3-C599-4CCC-B170-920D650FFE02}.Debug|x86.Build.0 = Debug|Win32
		{7FD0C3D3-C599-4CCC-B170-920D650FFE02}.Release|ARM.ActiveCfg = Release|Win32
		{7FD0C3D3-C599-4CCC-B170-920D650FFE02}.Release|ARM64.ActiveCfg = Release|Win32
		{7FD0C3D3-C599-4CCC-B170-920D650FFE02}.Release|x64.ActiveCfg = Release|x64
		{7FD0C3D3-C599-4CCC-B170-920D650FFE02}.Release|x64.Build.0 = Release|x64
		{7FD0C3D3-C599-4CCC-B170-920D650FFE02}.Release|x86.ActiveCfg = Release|Win32
		{7FD0C3D3-C599-4CCC-B170-920D650FFE02}.Release|x86.Build.0 = Release|Win32
		{42DC752A-8E6F-42D4-9D86-FC9ECB1027FB}.Debug|ARM.ActiveCfg = Debug|Win32
		{42DC752A-8E6F-42D4-9D86-FC9ECB1027FB}.Debug|ARM64.ActiveCfg = Debug|Win32
		{42DC752A-8E6F-42D4-9D86-FC9ECB1027FB}.Debug|x64.ActiveCfg = Debug|x64
		{42DC752A-8E6F-42D4-9D86-FC9ECB1027FB}.Debug|x64.Build.0 = Debug|x64
		{42DC752A-8E6F-42D4-9D86-FC9ECB1027FB}.Debug|x86.ActiveCfg = Debug|Win32
		{42DC752A-8E6F-42D4-9D86-FC9ECB1027FB}.Debug|x86.Build.0 = Debug|Win32
		{42DC752A-8E6F-42D4-9D86-FC9ECB1027FB}.Release|ARM.ActiveCfg = Release|Win32
		{42DC752A-8E6F-42D4-9D86-FC9ECB1027FB}.Release|ARM64.ActiveCfg = Release|Win32
		{42DC752A-8E6F-42D4-9D86-FC9ECB1027FB}.Release|x64.ActiveCfg = Release|x64
		{42DC752A-8E6F-42D4-9D86-FC9ECB1027FB}.Release|x64.Build.0 = Release|x64
		{42DC752A-8E6F-42D4-9D86-FC9ECB1027FB}.Release|x86.ActiveCfg = Release|Win32
		{42DC752A-8E6F-42D4-9D86-FC9ECB1027FB}.Release|x86.Build.0 = Release|Win32
		{C1325881-2218-405A-97A7-598A6FFBB393}.Debug|ARM.ActiveCfg = Debug|Win32
		{C1325881-2218-405A-97A7-598A6FFBB393}.Debug|ARM64.ActiveCfg = Debug|Win32
		{C1325881-2218-405A-97A7-598A6FFBB393}.Debug|x64.ActiveCfg = Debug|x64
		{C1325881-2218-405A-97A7-598A6FFBB393}.Debug|x64.Build.0 = Debug|x64
		{C1325881-2218-405A-97A7-598A6FFBB393}.Debug|x86.ActiveCfg = Debug|Win32
		{C1325881-2218-405A-97A7-598A6FFBB393}.Debug|x86.Build.0 = Debug|Win32
		{C1325881-2218-405A-97A7-598A6FFBB393}.Release|ARM.ActiveCfg = Release|Win32
		{C1325881-2218-405A-97A7-598A6FFBB393}.Release|ARM64.ActiveCfg = Release|Win32
		{C1325881-2218-405A-97A7-598A6FFBB393}.Release|x64.ActiveCfg = Release|x64
		{C1325881-2218-405A-97A7-598A6FFBB393}.Release|x64.Build.0 = Release|x64
		{C1325881-2218-405A-97A7-598A6FFBB393}.Release|x86.ActiveCfg = Release|Win32
		{C1325881-2218-405A-97A7-598A6FFBB393}.Release|x86.Build.0 = Release|Win32
		{28D8FFFF-891A-47FB-A579-F1CC6CDA7311}.Debug|ARM.ActiveCfg = Debug|Win32
		{28D8FFFF-891A-47FB-A579-F1CC6CDA7311}.Debug|ARM64.ActiveCfg = Debug|Win32
		{28D8FFFF-891A-47FB-A579-F1CC6CDA7311}.Debug|x64.ActiveCfg = Debug|x64
		{28D8FFFF-891A-47FB-A579-F1CC6CDA7311}.Debug|x64.Build.0 = Debug|x64
		{28D8FFFF-891A-47FB-A579-F1CC6CDA7311}.Debug|x86.ActiveCfg = Debug|Win32
		{28D8FFFF-891A-47FB-A579-F1CC6CDA7311}.Debug|x86.Build.0 = Debug|Win32
		{28D8FFFF-891A-47FB-A579-F1CC6CDA7311}.Release|ARM.ActiveCfg = Release|Win32
		{28D8FFFF-891A-47FB-A579-F1CC6CDA7311}.Release|ARM64.ActiveCfg = Release|Win32
		{28D8FFFF-891A-47FB-A579-F1CC6CDA7311}.Release|x64.ActiveCfg = Release|x64
		{28D8FFFF-891A-47FB-A579-F1CC6CDA7311}.Release|x64.Build.0 = Release|x64
		{28D8FFFF-891A-47FB-A579-F1CC6CDA7311}.Release|x86.ActiveCfg = Release|Win32
		{28D8FFFF-891A-47FB-A579-F1CC6CDA7311}.Release|x86.Build.0 = Release|Win32
		{64050288-6D09-42EB-AEEC-6F7BBB7B4D78}.Debug|ARM.ActiveCfg = Debug|Win32
		{64050288-6D09-42EB-AEEC-6F7BBB7B4D78}.Debug|ARM64.ActiveCfg = Debug|Win32
		{64050288-6D09-42EB-AEEC-6F7BBB7B4D78}.Debug|x64.ActiveCfg = Debug|x64
		{64050288-6D09-42EB-AEEC-6F7BBB7B4D78}.Debug|x64.Build.0 = Debug|x64
		{64050288-6D09-42EB-AEEC-6F7BBB7B4D78}.Debug|x86.ActiveCfg = Debug|Win32
		{64050288-6D09-42EB-AEEC-6F7BBB7B4D78}.Debug|x86.Build.0 = Debug|Win32
		{64050288-6D09-42EB-AEEC-6F7BBB7B4D78}.Release|ARM.ActiveCfg = Release|Win32
		{64050288-6D09-42EB-AEEC-6F7BBB7B4D78}.Release|ARM64.ActiveCfg = Release|Win32
		{64050288-6D09-42EB-AEEC-6F7BBB7B4D78}.Release|x64.ActiveCfg = Release|x64
		{64050288-6D09-42EB-AEEC-6F7BBB7B4D78}.Release|x64.Build.0 = Release|x64
		{64050288-6D09-42EB-AEEC-6F7BBB7B4D78}.Release|x86.ActiveCfg = Release|Win32
		{64050288-6D09-42EB-AEEC-6F7BBB7B4D78}.Release|x86.Build.0 = Release|Win32
		{24271CB7-F702-4205-BC6C-B375F90F291E}.Debug|ARM.ActiveCfg = Debug|Win32
		{24271CB7-F702-4205-BC6C-B375F90F291E}.Debug|ARM64.ActiveCfg = Debug|Win32
		{24271CB7-F702-4205-BC6C-B375F90F291E}.Debug|x64.ActiveCfg = Debug|x64
		{24271CB7-F702-4205-BC6C-B375F90F291E}.Debug|x64.Build.0 = Debug|x64
		{24271CB7-F702-4205-BC6C-B375F90F291E}.Debug|x86.ActiveCfg = Debug|Win32
		{24271CB7-F702-4205-BC6C-B375F90F291E}.Debug|x86.Build.0 = Debug|Win32
		{24271CB7-F702-4205-BC6C-B375F90F291E}.Release|ARM.ActiveCfg = Release|Win32
		{24271CB7-F702-4205-BC6C-B375F90F291E}.Release|ARM64.ActiveCfg = Release|Win32
		{24271CB7-F702-4205-BC6C-B375F90F291E}.Release|x64.ActiveCfg = Release|x64
		{24271CB7-F702-4205-BC6C-B375F90F291E}.Release|x64.Build.0 = Release|x64
		{24271CB7-F702-4205-BC6C-B375F90F291E}.Release|x86.ActiveCfg = Release|Win32
		{24271CB7-F702-4205-BC6C-B375F90F291E}.Release|x86.Build.0 = Release|Win32
		{806CFE58-9B98-46EA-9E7F-CB9261558D82}.Debug|ARM.ActiveCfg = Debug|Win32
		{806CFE58-9B98-46EA-9E7F-CB9261558D82}.Debug|ARM64.ActiveCfg = Debug|Win32
		{806CFE58-9B98-46EA-9E7F-CB9261558D82}.Debug|x64.ActiveCfg = Debug|x64
		{806CFE58-9B98-46EA-9E7F-CB9261558D82}.Debug|x64.Build.0 = Debug|x64
		{806CFE58-9B98-46EA-9E7F-CB9261558D82}.Debug|x86.ActiveCfg = Debug|Win32
		{806CFE58-9B98-46EA-9E7F-CB9261558D82}.Debug|x86.Build.0 = Debug|Win32
		{806CFE58-9B98-46EA-9E7F-CB9261558D82}.Release|ARM.ActiveCfg = Release|Win32
		{806CFE58-9B98-46EA-9E7F-CB9261558D82}.Release|ARM64.ActiveCfg = Release|Win32
		{806CFE58-9B98-46EA-9E7F-CB9261558D82}.Release|x64.ActiveCfg = Release|x64
		{806CFE58-9B98-46EA-9E7F-CB9261558D82}.Release|x64.Build.0 = Release|x64
		{806CFE58-9B98-46EA-9E7F-CB9261558D82}.Release|x86.ActiveCfg = Release|Win32
		{806CFE58-9B98-46EA-9E7F-CB9261558D82}.Release|x86.Build.0 = Release|Win32
	EndGlobalSection
	GlobalSection(SolutionProperties) = preSolution
		HideSolutionNode = FALSE
	EndGlobalSection
	GlobalSection(NestedProjects) = preSolution
		{AC6904B2-7457-48C8-91A1-BD07C65E54C9} = {EBCBE457-AFD1-4FA9-BA51-3A79D45AB129}
		{0FE0C40F-333C-4814-81CB-F99DA044526D} = {EBCBE457-AFD1-4FA9-BA51-3A79D45AB129}
		{38EACF12-0E00-4A87-91FE-4845F95762D9} = {EBCBE457-AFD1-4FA9-BA51-3A79D45AB129}
		{CCE1062D-431E-4BC5-ABE5-C8F9537D27F4} = {EBCBE457-AFD1-4FA9-BA51-3A79D45AB129}
		{4554383A-B2DC-4AF5-87B4-A71483A5FC70} = {EBCBE457-AFD1-4FA9-BA51-3A79D45AB129}
		{71C19FFA-C0E0-43B7-AD38-CCE486831FEA} = {EBCBE457-AFD1-4FA9-BA51-3A79D45AB129}
		{83B2788C-ADBA-4D7C-86AC-84E593FC88A6} = {D8877BC2-628C-4B31-877D-E3E7EF817194}
		{343D8A9F-D71E-4450-BCAC-96673458AFEE} = {D8877BC2-628C-4B31-877D-E3E7EF817194}
		{DC3634CF-B268-4A35-9075-60CD384E2ADF} = {7A19D2BA-01FD-41CF-BB99-4E8F8849332B}
		{EC76E300-B6AE-4765-8548-EA5AF6B22C77} = {7A19D2BA-01FD-41CF-BB99-4E8F8849332B}
		{958C712C-B727-444F-8C0A-34C1CC868C4A} = {D8877BC2-628C-4B31-877D-E3E7EF817194}
		{3461F477-DC72-4E22-8B5D-056A81CD4547} = {D8877BC2-628C-4B31-877D-E3E7EF817194}
		{E9C37D52-56BF-4A6E-9DDF-A75ED941F004} = {D8877BC2-628C-4B31-877D-E3E7EF817194}
		{6E6D46E1-AC9E-4AE5-BB76-B757F8951CF7} = {EBCBE457-AFD1-4FA9-BA51-3A79D45AB129}
		{93C41B9B-C914-4B4F-80DC-0E83EA4EBD39} = {EBCBE457-AFD1-4FA9-BA51-3A79D45AB129}
		{DEEFEA85-CABF-4A87-B0C4-AF9122122C1A} = {EBCBE457-AFD1-4FA9-BA51-3A79D45AB129}
		{05E4FD2D-2C76-4BFB-BE3D-D4A7D8A7448E} = {7A19D2BA-01FD-41CF-BB99-4E8F8849332B}
		{A54AAF20-7D88-4ED3-B69C-79E30A9AC106} = {EBCBE457-AFD1-4FA9-BA51-3A79D45AB129}
		{942B0FE6-1204-47D0-9E48-78FF56783352} = {EBCBE457-AFD1-4FA9-BA51-3A79D45AB129}
		{90657AE5-69F9-4228-A554-09665F30C6B2} = {EBCBE457-AFD1-4FA9-BA51-3A79D45AB129}
		{D54F045C-3BB9-41E3-8C4D-82050179DEF1} = {EBCBE457-AFD1-4FA9-BA51-3A79D45AB129}
		{7A4131F1-CAB4-4528-967B-162AB2C5D169} = {7A19D2BA-01FD-41CF-BB99-4E8F8849332B}
		{F2544097-E90B-4EAB-B88C-30292661D812} = {3C62B5E1-9366-4805-8364-1A551C82220E}
		{0F900CFA-59E5-4B4C-AC95-0745600E8C13} = {3C62B5E1-9366-4805-8364-1A551C82220E}
		{6BFF45DB-1602-4700-95B1-C0B97B6E0A1F} = {3C62B5E1-9366-4805-8364-1A551C82220E}
		{1DDA7EF3-0B3F-49E5-87D1-37DC52B17696} = {3C62B5E1-9366-4805-8364-1A551C82220E}
		{7F04B00D-B131-4055-8776-1593B7FBF2FB} = {7A19D2BA-01FD-41CF-BB99-4E8F8849332B}
		{384C2D47-66FC-4C02-9FBE-108A9D6DB29E} = {3C62B5E1-9366-4805-8364-1A551C82220E}
		{8F77546B-961C-43F3-9EEF-5A7F0C90C15C} = {3C62B5E1-9366-4805-8364-1A551C82220E}
		{E6CFC555-FD20-41C6-BE51-193B625C8629} = {3C62B5E1-9366-4805-8364-1A551C82220E}
		{41837D61-9ACB-4A51-B5DA-12642A1A3675} = {7A19D2BA-01FD-41CF-BB99-4E8F8849332B}
		{1025C659-2ACE-42C4-A6BD-F31DAEA5FF02} = {3C62B5E1-9366-4805-8364-1A551C82220E}
		{44EE23D8-1998-4347-B196-E7A7C3009E8E} = {3C62B5E1-9366-4805-8364-1A551C82220E}
		{67846940-1AB9-4DD7-BDFD-42481FCB6808} = {3C62B5E1-9366-4805-8364-1A551C82220E}
		{3FB17FCA-0B7A-4835-A84C-29A36456EA3E} = {3C62B5E1-9366-4805-8364-1A551C82220E}
		{8001E66D-FF41-46F8-97DE-50A7F438D741} = {3C62B5E1-9366-4805-8364-1A551C82220E}
		{741503FC-4320-4A5B-B165-AA4BF6C5F333} = {3C62B5E1-9366-4805-8364-1A551C82220E}
		{84FB2FF4-D445-4E8B-8CC8-3A65F487FF6D} = {3C62B5E1-9366-4805-8364-1A551C82220E}
		{40385D93-F630-4735-8185-F6955B7800B6} = {3C62B5E1-9366-4805-8364-1A551C82220E}
		{BB2C8312-3676-41FE-93AB-5544B49F6318} = {3C62B5E1-9366-4805-8364-1A551C82220E}
		{E4670547-4942-4E6E-A32E-F0C86E51910C} = {3C62B5E1-9366-4805-8364-1A551C82220E}
		{D81B2F9D-1B3D-4D66-943A-EEC5008B268C} = {3C62B5E1-9366-4805-8364-1A551C82220E}
		{80C4E763-C0C7-4E02-BA62-945A973D575C} = {3C62B5E1-9366-4805-8364-1A551C82220E}
		{8FF5BE60-ABEF-43C9-A6AA-0D6D161E43FB} = {3C62B5E1-9366-4805-8364-1A551C82220E}
		{57C57EC2-43C1-4DB1-BF14-D5AAF82F2467} = {3E495576-D2A2-4E58-9B0B-B688137AABE5}
		{92DC3B04-F5AA-4E8A-A034-FA5426B8322B} = {3C62B5E1-9366-4805-8364-1A551C82220E}
		{962D3486-D7D8-4796-8810-5C1AC14E6BD2} = {3C62B5E1-9366-4805-8364-1A551C82220E}
		{B60D2B90-4BF8-4D67-98D7-BD6BF9804BD6} = {3C62B5E1-9366-4805-8364-1A551C82220E}
		{516524EA-C7ED-4D67-B88B-D81ADE68649A} = {3C62B5E1-9366-4805-8364-1A551C82220E}
		{E32F0525-DA8A-44EF-9AB8-5677C48FE9CB} = {3C62B5E1-9366-4805-8364-1A551C82220E}
		{92CB84A1-2CE8-4226-B2DD-06067AB7A875} = {3C62B5E1-9366-4805-8364-1A551C82220E}
		{4DDAF6A8-EDD6-4794-AC54-68571F0B9F5B} = {3C62B5E1-9366-4805-8364-1A551C82220E}
		{72A3FFEF-02B0-4402-99EC-D8DD7D9D7A27} = {3C62B5E1-9366-4805-8364-1A551C82220E}
		{5427E82E-DB17-4E44-B538-C54D9E64C7D2} = {88CF26E6-678A-42F7-A903-35892A612267}
		{A098D51A-956A-4B80-A964-748797499550} = {3C62B5E1-9366-4805-8364-1A551C82220E}
		{270C00E3-5898-4CBE-A279-3DEF975C5A79} = {0B4E3411-D02C-4FF3-BDEA-55B87C0719A6}
		{15763741-F868-4896-9F45-B329A546CE2D} = {0B4E3411-D02C-4FF3-BDEA-55B87C0719A6}
		{7569BF5C-4979-444A-800E-4B0782555860} = {270C00E3-5898-4CBE-A279-3DEF975C5A79}
		{1DDC162C-A533-4881-91D5-44943034D6ED} = {270C00E3-5898-4CBE-A279-3DEF975C5A79}
		{4F3BAD40-B270-4295-B4EF-575A6D3B6B5E} = {15763741-F868-4896-9F45-B329A546CE2D}
		{76016396-4D5B-4BC5-B48C-BB8875A343C7} = {15763741-F868-4896-9F45-B329A546CE2D}
		{2A9C4AD7-006F-454A-8003-CD8172700FE7} = {0B4E3411-D02C-4FF3-BDEA-55B87C0719A6}
		{5A571C9B-AE21-4694-BDA4-28AA8FE6DF96} = {2A9C4AD7-006F-454A-8003-CD8172700FE7}
		{C8CC7A11-FF11-46DF-A01B-D8FDAC9BBCCA} = {2A9C4AD7-006F-454A-8003-CD8172700FE7}
		{2D510BC6-2DA5-4672-8A8A-F4345E3F5099} = {0B4E3411-D02C-4FF3-BDEA-55B87C0719A6}
		{442D49A6-C9F7-4BFA-AE1E-31A54E7EA285} = {2D510BC6-2DA5-4672-8A8A-F4345E3F5099}
		{9D98EFD2-9F19-4002-B16B-B6A9CBAA3E8A} = {2D510BC6-2DA5-4672-8A8A-F4345E3F5099}
		{8A492BC4-5E12-4FC0-BBEF-A12899E1D74F} = {0B4E3411-D02C-4FF3-BDEA-55B87C0719A6}
		{BB7EA75D-C373-4A0E-927F-6DB00BAE8547} = {8A492BC4-5E12-4FC0-BBEF-A12899E1D74F}
		{171F7600-247B-488A-BDA3-626314528585} = {8A492BC4-5E12-4FC0-BBEF-A12899E1D74F}
		{F6FA4B7B-F500-48B2-B357-6677C324E193} = {8A492BC4-5E12-4FC0-BBEF-A12899E1D74F}
		{B8EFFAB4-376A-47D3-8EF1-2EBC0FE11988} = {0B4E3411-D02C-4FF3-BDEA-55B87C0719A6}
		{046A45F7-7198-498A-8DC7-CA0B85741866} = {B8EFFAB4-376A-47D3-8EF1-2EBC0FE11988}
		{9E59C5D5-2FAE-446F-A9C3-D48E7DA2A680} = {B8EFFAB4-376A-47D3-8EF1-2EBC0FE11988}
		{296C162A-0D80-40AD-AC68-2520C4196264} = {0B4E3411-D02C-4FF3-BDEA-55B87C0719A6}
		{7FD0C3D3-C599-4CCC-B170-920D650FFE02} = {296C162A-0D80-40AD-AC68-2520C4196264}
		{42DC752A-8E6F-42D4-9D86-FC9ECB1027FB} = {296C162A-0D80-40AD-AC68-2520C4196264}
		{C1325881-2218-405A-97A7-598A6FFBB393} = {296C162A-0D80-40AD-AC68-2520C4196264}
		{28D8FFFF-891A-47FB-A579-F1CC6CDA7311} = {296C162A-0D80-40AD-AC68-2520C4196264}
		{64050288-6D09-42EB-AEEC-6F7BBB7B4D78} = {296C162A-0D80-40AD-AC68-2520C4196264}
		{24271CB7-F702-4205-BC6C-B375F90F291E} = {296C162A-0D80-40AD-AC68-2520C4196264}
		{806CFE58-9B98-46EA-9E7F-CB9261558D82} = {0A0EA805-A609-439C-85BD-4093001B9825}
	EndGlobalSection
	GlobalSection(ExtensibilityGlobals) = postSolution
		SolutionGuid = {61DD6BCF-D4FD-4C57-AD7D-CDE59E3A8B09}
	EndGlobalSection
EndGlobal
