<?xml version="1.0" encoding="utf-8"?>
<Project ToolsVersion="4.0" xmlns="http://schemas.microsoft.com/developer/msbuild/2003">
  <ItemGroup>
    <ClCompile Include="2dObjects.cpp" />
    <ClCompile Include="K_Deck.cpp" />
    <ClCompile Include="Sample.cpp" />
    <ClCompile Include="K_BattleScene.cpp">
      <Filter>Scene</Filter>
    </ClCompile>
    <ClCompile Include="K_CardRewardScene.cpp">
      <Filter>Scene</Filter>
    </ClCompile>
    <ClCompile Include="K_DeathScene.cpp">
      <Filter>Scene</Filter>
    </ClCompile>
    <ClCompile Include="K_DeckViewScene.cpp">
      <Filter>Scene</Filter>
    </ClCompile>
    <ClCompile Include="K_EndingScene.cpp">
      <Filter>Scene</Filter>
    </ClCompile>
    <ClCompile Include="K_MapScene.cpp">
      <Filter>Scene</Filter>
    </ClCompile>
    <ClCompile Include="K_Scene.cpp">
      <Filter>Scene</Filter>
    </ClCompile>
    <ClCompile Include="K_TitleScene.cpp">
      <Filter>Scene</Filter>
    </ClCompile>
    <ClCompile Include="K_EliteBattleScene.cpp">
      <Filter>Scene</Filter>
    </ClCompile>
  </ItemGroup>
  <ItemGroup>
    <ClInclude Include="2dObjects.h" />
    <ClInclude Include="K_Deck.h" />
    <ClInclude Include="Sample.h" />
    <ClInclude Include="K_BattleScene.h">
      <Filter>Scene</Filter>
    </ClInclude>
    <ClInclude Include="K_CardRewardScene.h">
      <Filter>Scene</Filter>
    </ClInclude>
    <ClInclude Include="K_DeathScene.h">
      <Filter>Scene</Filter>
    </ClInclude>
    <ClInclude Include="K_DeckViewScene.h">
      <Filter>Scene</Filter>
    </ClInclude>
    <ClInclude Include="K_EndingScene.h">
      <Filter>Scene</Filter>
    </ClInclude>
    <ClInclude Include="K_MapScene.h">
      <Filter>Scene</Filter>
    </ClInclude>
    <ClInclude Include="K_TitleScene.h">
      <Filter>Scene</Filter>
    </ClInclude>
    <ClInclude Include="K_Scene.h">
      <Filter>Scene</Filter>
    </ClInclude>
    <ClInclude Include="K_EliteBattleScene.h">
      <Filter>Scene</Filter>
    </ClInclude>
  </ItemGroup>
  <ItemGroup>
    <Filter Include="Scene">
      <UniqueIdentifier>{17b541f6-8589-4199-9103-40087284a686}</UniqueIdentifier>
    </Filter>
  </ItemGroup>
  <ItemGroup>
    <None Include="ClassDiagram.cd" />
    <None Include="ClassDiagram1.cd" />
  </ItemGroup>
</Project>